# @generated - this file is auto-generated by `mise lock` https://mise.en.dev/dev-tools/mise-lock.html

[[tools.jq]]
version = "1.8.2"
backend = "aqua:jqlang/jq"

[tools.jq."platforms.linux-arm64"]
checksum = "sha256:8b85c817833814ddca00a144c33705546355afccf0cf39b188f3cdb48b852309"
url = "https://github.com/jqlang/jq/releases/download/jq-1.8.2/jq-linux-arm64"
provenance = "github-attestations"

[tools.jq."platforms.linux-arm64-musl"]
checksum = "sha256:8b85c817833814ddca00a144c33705546355afccf0cf39b188f3cdb48b852309"
url = "https://github.com/jqlang/jq/releases/download/jq-1.8.2/jq-linux-arm64"
provenance = "github-attestations"

[tools.jq."platforms.linux-x64"]
checksum = "sha256:b1c22172dd303f3be49e935aa56aa48a8b7a46e0bc838b4997d3bb451495870f"
url = "https://github.com/jqlang/jq/releases/download/jq-1.8.2/jq-linux-amd64"
provenance = "github-attestations"

[tools.jq."platforms.linux-x64-musl"]
checksum = "sha256:b1c22172dd303f3be49e935aa56aa48a8b7a46e0bc838b4997d3bb451495870f"
url = "https://github.com/jqlang/jq/releases/download/jq-1.8.2/jq-linux-amd64"
provenance = "github-attestations"

[tools.jq."platforms.macos-arm64"]
checksum = "sha256:2d75340ba57a4b4b4c8708a21c2dc8e958a48aaa8bba13b27f77f6e4c0eca07e"
url = "https://github.com/jqlang/jq/releases/download/jq-1.8.2/jq-macos-arm64"
provenance = "github-attestations"

[tools.jq."platforms.macos-x64"]
checksum = "sha256:e94b266e3c26690550006abe63152b782280f4e14374accdf04cbde844f00bc0"
url = "https://github.com/jqlang/jq/releases/download/jq-1.8.2/jq-macos-amd64"
provenance = "github-attestations"

[tools.jq."platforms.windows-x64"]
checksum = "sha256:a6fc67fedaf9128a3309a1e2ebb8b986aeccf70122ee46d2cb4849e423f0c627"
url = "https://github.com/jqlang/jq/releases/download/jq-1.8.2/jq-windows-amd64.exe"
provenance = "github-attestations"

[[tools.node]]
version = "24.17.0"
backend = "core:node"

[tools.node."platforms.linux-arm64"]
checksum = "sha256:faa0d59ba7fe7045c950ed09b190578fb8eee73e4358686d38fcc99ca58c1480"
url = "https://nodejs.org/dist/v24.17.0/node-v24.17.0-linux-arm64.tar.gz"

[tools.node."platforms.linux-arm64-musl"]
checksum = "sha256:cc54f73a1a4108d9e325eb201d90b25eeab60edc92b2a13240b2877a74c596da"
url = "https://unofficial-builds.nodejs.org/download/release/v24.17.0/node-v24.17.0-linux-arm64-musl.tar.gz"

[tools.node."platforms.linux-x64"]
checksum = "sha256:e0472427aa791ad80bdc426ff7cc73cdd28ed0f616d1ff9689a23a7f47f1265f"
url = "https://nodejs.org/dist/v24.17.0/node-v24.17.0-linux-x64.tar.gz"

[tools.node."platforms.linux-x64-musl"]
checksum = "sha256:f884c958c0652f7cd0ea43fdc39dddd1a98456ea9b1adeca85964847e2e39fb0"
url = "https://unofficial-builds.nodejs.org/download/release/v24.17.0/node-v24.17.0-linux-x64-musl.tar.gz"

[tools.node."platforms.macos-arm64"]
checksum = "sha256:4fc3266a3702eebc39cc37661cf4eeceeade307e242ab64e4d7ce7949197e11f"
url = "https://nodejs.org/dist/v24.17.0/node-v24.17.0-darwin-arm64.tar.gz"

[tools.node."platforms.macos-x64"]
checksum = "sha256:80da552fe037290cb130e9dea590f5eeeb7aa450636f0c89ab41415511c1ec27"
url = "https://nodejs.org/dist/v24.17.0/node-v24.17.0-darwin-x64.tar.gz"

[tools.node."platforms.windows-x64"]
checksum = "sha256:f2aa33b35b75aca5f3f7b85675a6f6423201053e9381911e64961f3bda2528ab"
url = "https://nodejs.org/dist/v24.17.0/node-v24.17.0-win-x64.zip"

[[tools.pnpm]]
version = "11.8.0"
backend = "aqua:pnpm/pnpm"

[tools.pnpm."platforms.linux-arm64"]
checksum = "sha256:251222a30b3dcf6bc1c30c44fe3fdcd0bd4b2b06dd29f6a549647e56fa51548c"
url = "https://github.com/pnpm/pnpm/releases/download/v11.8.0/pnpm-linux-arm64.tar.gz"
provenance = "github-attestations"

[tools.pnpm."platforms.linux-arm64-musl"]
checksum = "sha256:dbc5077793d76d6318ea9a0b9c250327b12afaab4473b02549ee232f2d7b55b3"
url = "https://github.com/pnpm/pnpm/releases/download/v11.8.0/pnpm-linux-arm64-musl.tar.gz"
provenance = "github-attestations"

[tools.pnpm."platforms.linux-x64"]
checksum = "sha256:86b9aa5362b06cc61f5e829e41614ffda2fbda09993b8e84176feaa3c97b9532"
url = "https://github.com/pnpm/pnpm/releases/download/v11.8.0/pnpm-linux-x64.tar.gz"
provenance = "github-attestations"

[tools.pnpm."platforms.linux-x64-musl"]
checksum = "sha256:c22f99ca91ec4bab1f37114ed3eacc23e68da72573f42e72ebfafaeaa1131167"
url = "https://github.com/pnpm/pnpm/releases/download/v11.8.0/pnpm-linux-x64-musl.tar.gz"
provenance = "github-attestations"

[tools.pnpm."platforms.macos-arm64"]
checksum = "sha256:7c9ef7523abf1190a2fde2b81dd652260d1679ba471c09950e8a08fa772c06e2"
url = "https://github.com/pnpm/pnpm/releases/download/v11.8.0/pnpm-darwin-arm64.tar.gz"
provenance = "github-attestations"

[tools.pnpm."platforms.windows-x64"]
checksum = "sha256:8cf6951ade777eeb7e4665fdcaefe77942724b217690eb3fa2f0b27c67b4310c"
url = "https://github.com/pnpm/pnpm/releases/download/v11.8.0/pnpm-win32-x64.zip"
provenance = "github-attestations"
