# @generated - this file is auto-generated by `mise lock` https://mise.en.dev/dev-tools/mise-lock.html

[conda-packages.linux-arm64."_openmp_mutex-4.5-20_gnu"]
url = "https://conda.anaconda.org/conda-forge/linux-aarch64/_openmp_mutex-4.5-20_gnu.conda"
checksum = "sha256:a2527b1d81792a0ccd2c05850960df119c2b6d8f5fdec97f2db7d25dc23b1068"

[conda-packages.linux-arm64."clang-format-23-23.1.1-default_h01b09c7_0"]
url = "https://conda.anaconda.org/conda-forge/linux-aarch64/clang-format-23-23.1.1-default_h01b09c7_0.conda"
checksum = "sha256:baa817358714052718c70b7b7e9adeca5e7dfb5604bec67e856f5b376a43ba0f"

[conda-packages.linux-arm64."icu-78.3-py311h3512406_2"]
url = "https://conda.anaconda.org/conda-forge/linux-aarch64/icu-78.3-py311h3512406_2.conda"
checksum = "sha256:54d921defd947adb58a90e10203d3bfe6c1f209f5f1a1ad2c6a9f7617f2fb59e"

[conda-packages.linux-arm64."libclang-cpp23.1-23.1.1-default_h01b09c7_0"]
url = "https://conda.anaconda.org/conda-forge/linux-aarch64/libclang-cpp23.1-23.1.1-default_h01b09c7_0.conda"
checksum = "sha256:2e41cb9d1660731c028dcfe41f6759b33418a2c8fac51a1de0cbd1cb60323919"

[conda-packages.linux-arm64."libgcc-16.2.0-h205dda4_4"]
url = "https://conda.anaconda.org/conda-forge/linux-aarch64/libgcc-16.2.0-h205dda4_4.conda"
checksum = "sha256:a132d78d49d0fa0a08e9e2a77528a12d974e8e123bc32895c0bd0a737b8abd89"

[conda-packages.linux-arm64."libgomp-16.2.0-h8acb6b2_4"]
url = "https://conda.anaconda.org/conda-forge/linux-aarch64/libgomp-16.2.0-h8acb6b2_4.conda"
checksum = "sha256:6d216e6dc9a158b920f6e0c1dfdd6d77575bf79420dadf85d64576298ecb4503"

[conda-packages.linux-arm64."libiconv-1.18-h1ea5142_3"]
url = "https://conda.anaconda.org/conda-forge/linux-aarch64/libiconv-1.18-h1ea5142_3.conda"
checksum = "sha256:d22c666eb887afd2119aac2110e23a0e817e9391bda99293421f7c46dab1564c"

[conda-packages.linux-arm64."libllvm23-23.1.1-h680871c_0"]
url = "https://conda.anaconda.org/conda-forge/linux-aarch64/libllvm23-23.1.1-h680871c_0.conda"
checksum = "sha256:3da43ac0e2a07d4560b3fd31c5d39c9eb42b4fe6ee39f1d3ee8cbeeb4074c4ed"

[conda-packages.linux-arm64."liblzma-5.8.3-he30d5cf_1"]
url = "https://conda.anaconda.org/conda-forge/linux-aarch64/liblzma-5.8.3-he30d5cf_1.conda"
checksum = "sha256:f760669fd1cea27f689f411c0d5488e26ce50e382c9b63e4ad348f959850124a"

[conda-packages.linux-arm64."libstdcxx-16.2.0-hef695bb_4"]
url = "https://conda.anaconda.org/conda-forge/linux-aarch64/libstdcxx-16.2.0-hef695bb_4.conda"
checksum = "sha256:84d2b667bce6549325243235952110b1849ff2dfd7091a1479108930b88057d5"

[conda-packages.linux-arm64."libxml2-16-2.15.4-h2e5089f_0"]
url = "https://conda.anaconda.org/conda-forge/linux-aarch64/libxml2-16-2.15.4-h2e5089f_0.conda"
checksum = "sha256:58bf7fcf64bae7f624a5e2aed860ddea614a8ec13c8c43fe150420a275b8bdb5"

[conda-packages.linux-arm64."libxml2-2.15.4-h92b9305_0"]
url = "https://conda.anaconda.org/conda-forge/linux-aarch64/libxml2-2.15.4-h92b9305_0.conda"
checksum = "sha256:3345c88fa9ebb373bcf4069ede898950005fa2d1707e56a13a1ac6339919492f"

[conda-packages.linux-arm64."libzlib-1.3.2-hdc9db2a_3"]
url = "https://conda.anaconda.org/conda-forge/linux-aarch64/libzlib-1.3.2-hdc9db2a_3.conda"
checksum = "sha256:76efa6cc9d7e6f5ee3bbca0939f64054af2bdfb3c3632531f8e633cf6c2ea41e"

[conda-packages.linux-arm64."zstd-1.5.7-h9d15635_7"]
url = "https://conda.anaconda.org/conda-forge/linux-aarch64/zstd-1.5.7-h9d15635_7.conda"
checksum = "sha256:427fd14bcb3b8659796fecc682716617409350fb5a98e5b7b47558a10d1a2fc7"

[conda-packages.linux-arm64-musl."_openmp_mutex-4.5-20_gnu"]
url = "https://conda.anaconda.org/conda-forge/linux-aarch64/_openmp_mutex-4.5-20_gnu.conda"
checksum = "sha256:a2527b1d81792a0ccd2c05850960df119c2b6d8f5fdec97f2db7d25dc23b1068"

[conda-packages.linux-arm64-musl."clang-format-23-23.1.1-default_h01b09c7_0"]
url = "https://conda.anaconda.org/conda-forge/linux-aarch64/clang-format-23-23.1.1-default_h01b09c7_0.conda"
checksum = "sha256:baa817358714052718c70b7b7e9adeca5e7dfb5604bec67e856f5b376a43ba0f"

[conda-packages.linux-arm64-musl."icu-78.3-py311h3512406_2"]
url = "https://conda.anaconda.org/conda-forge/linux-aarch64/icu-78.3-py311h3512406_2.conda"
checksum = "sha256:54d921defd947adb58a90e10203d3bfe6c1f209f5f1a1ad2c6a9f7617f2fb59e"

[conda-packages.linux-arm64-musl."libclang-cpp23.1-23.1.1-default_h01b09c7_0"]
url = "https://conda.anaconda.org/conda-forge/linux-aarch64/libclang-cpp23.1-23.1.1-default_h01b09c7_0.conda"
checksum = "sha256:2e41cb9d1660731c028dcfe41f6759b33418a2c8fac51a1de0cbd1cb60323919"

[conda-packages.linux-arm64-musl."libgcc-16.2.0-h205dda4_4"]
url = "https://conda.anaconda.org/conda-forge/linux-aarch64/libgcc-16.2.0-h205dda4_4.conda"
checksum = "sha256:a132d78d49d0fa0a08e9e2a77528a12d974e8e123bc32895c0bd0a737b8abd89"

[conda-packages.linux-arm64-musl."libgomp-16.2.0-h8acb6b2_4"]
url = "https://conda.anaconda.org/conda-forge/linux-aarch64/libgomp-16.2.0-h8acb6b2_4.conda"
checksum = "sha256:6d216e6dc9a158b920f6e0c1dfdd6d77575bf79420dadf85d64576298ecb4503"

[conda-packages.linux-arm64-musl."libiconv-1.18-h1ea5142_3"]
url = "https://conda.anaconda.org/conda-forge/linux-aarch64/libiconv-1.18-h1ea5142_3.conda"
checksum = "sha256:d22c666eb887afd2119aac2110e23a0e817e9391bda99293421f7c46dab1564c"

[conda-packages.linux-arm64-musl."libllvm23-23.1.1-h680871c_0"]
url = "https://conda.anaconda.org/conda-forge/linux-aarch64/libllvm23-23.1.1-h680871c_0.conda"
checksum = "sha256:3da43ac0e2a07d4560b3fd31c5d39c9eb42b4fe6ee39f1d3ee8cbeeb4074c4ed"

[conda-packages.linux-arm64-musl."liblzma-5.8.3-he30d5cf_1"]
url = "https://conda.anaconda.org/conda-forge/linux-aarch64/liblzma-5.8.3-he30d5cf_1.conda"
checksum = "sha256:f760669fd1cea27f689f411c0d5488e26ce50e382c9b63e4ad348f959850124a"

[conda-packages.linux-arm64-musl."libstdcxx-16.2.0-hef695bb_4"]
url = "https://conda.anaconda.org/conda-forge/linux-aarch64/libstdcxx-16.2.0-hef695bb_4.conda"
checksum = "sha256:84d2b667bce6549325243235952110b1849ff2dfd7091a1479108930b88057d5"

[conda-packages.linux-arm64-musl."libxml2-16-2.15.4-h2e5089f_0"]
url = "https://conda.anaconda.org/conda-forge/linux-aarch64/libxml2-16-2.15.4-h2e5089f_0.conda"
checksum = "sha256:58bf7fcf64bae7f624a5e2aed860ddea614a8ec13c8c43fe150420a275b8bdb5"

[conda-packages.linux-arm64-musl."libxml2-2.15.4-h92b9305_0"]
url = "https://conda.anaconda.org/conda-forge/linux-aarch64/libxml2-2.15.4-h92b9305_0.conda"
checksum = "sha256:3345c88fa9ebb373bcf4069ede898950005fa2d1707e56a13a1ac6339919492f"

[conda-packages.linux-arm64-musl."libzlib-1.3.2-hdc9db2a_3"]
url = "https://conda.anaconda.org/conda-forge/linux-aarch64/libzlib-1.3.2-hdc9db2a_3.conda"
checksum = "sha256:76efa6cc9d7e6f5ee3bbca0939f64054af2bdfb3c3632531f8e633cf6c2ea41e"

[conda-packages.linux-arm64-musl."zstd-1.5.7-h9d15635_7"]
url = "https://conda.anaconda.org/conda-forge/linux-aarch64/zstd-1.5.7-h9d15635_7.conda"
checksum = "sha256:427fd14bcb3b8659796fecc682716617409350fb5a98e5b7b47558a10d1a2fc7"

[conda-packages.linux-x64."_openmp_mutex-4.5-20_gnu"]
url = "https://conda.anaconda.org/conda-forge/linux-64/_openmp_mutex-4.5-20_gnu.conda"
checksum = "sha256:1dd3fffd892081df9726d7eb7e0dea6198962ba775bd88842135a4ddb4deb3c9"

[conda-packages.linux-x64."clang-format-23-23.1.1-default_h0acdd01_0"]
url = "https://conda.anaconda.org/conda-forge/linux-64/clang-format-23-23.1.1-default_h0acdd01_0.conda"
checksum = "sha256:0c57982c9b2ecf772a3fb021bbc5d9c21343241e696f11d1134a3178b4a43678"

[conda-packages.linux-x64."libclang-cpp23.1-23.1.1-default_h0acdd01_0"]
url = "https://conda.anaconda.org/conda-forge/linux-64/libclang-cpp23.1-23.1.1-default_h0acdd01_0.conda"
checksum = "sha256:1a393452606eaed3192783a77acffffce6dec101f44bfa9f1c8b00da0e1b828b"

[conda-packages.linux-x64."libgcc-16.2.0-ha9f2e26_4"]
url = "https://conda.anaconda.org/conda-forge/linux-64/libgcc-16.2.0-ha9f2e26_4.conda"
checksum = "sha256:24090e675d34403b4ee1cd4372d8f6c0937da7ecfd66a19a57cac2ed0f4ea793"

[conda-packages.linux-x64."libgomp-16.2.0-he0feb66_4"]
url = "https://conda.anaconda.org/conda-forge/linux-64/libgomp-16.2.0-he0feb66_4.conda"
checksum = "sha256:0fe5cb8e0752241ab55e11656ed1b9726248b522d23b929fe7c95b83eb55b9bb"

[conda-packages.linux-x64."libiconv-1.18-h0cb94f2_3"]
url = "https://conda.anaconda.org/conda-forge/linux-64/libiconv-1.18-h0cb94f2_3.conda"
checksum = "sha256:f943117edb9cd4d9c61cc972eee5a34291dc55ea7a6e9e38da104995841cbcb6"

[conda-packages.linux-x64."libllvm23-23.1.1-h474f4eb_0"]
url = "https://conda.anaconda.org/conda-forge/linux-64/libllvm23-23.1.1-h474f4eb_0.conda"
checksum = "sha256:5c716beeb80cd420c37cb811102a9e76c66072f47ed319de1a931ecdd98c9e6b"

[conda-packages.linux-x64."liblzma-5.8.3-hb03c661_1"]
url = "https://conda.anaconda.org/conda-forge/linux-64/liblzma-5.8.3-hb03c661_1.conda"
checksum = "sha256:9787df8c22a59c9a70d3e5a10db9ad663485e75e9ccc3f09bd092cb7b95e0dab"

[conda-packages.linux-x64."libstdcxx-16.2.0-h934c35e_4"]
url = "https://conda.anaconda.org/conda-forge/linux-64/libstdcxx-16.2.0-h934c35e_4.conda"
checksum = "sha256:40b792b0186c1e8859280a1f6f19a54fc50a11b32724fc7b637009c1a9bd302b"

[conda-packages.linux-x64."libxml2-16-2.15.4-hbdfff7e_0"]
url = "https://conda.anaconda.org/conda-forge/linux-64/libxml2-16-2.15.4-hbdfff7e_0.conda"
checksum = "sha256:b6f96287c408269f5067bb4f7a61693ff5c856152902362964d9807152b9c146"

[conda-packages.linux-x64."libxml2-2.15.4-ha7a5771_0"]
url = "https://conda.anaconda.org/conda-forge/linux-64/libxml2-2.15.4-ha7a5771_0.conda"
checksum = "sha256:db52c038430a508656530fc7b5650ae3e2629875693a6a256cc48dec203f8bfe"

[conda-packages.linux-x64."libzlib-1.3.2-h25fd6f3_3"]
url = "https://conda.anaconda.org/conda-forge/linux-64/libzlib-1.3.2-h25fd6f3_3.conda"
checksum = "sha256:eb8a0db0aa570124f7d2a93d7c7f596e3390df5e047818d873baad32985fc736"

[conda-packages.linux-x64."zstd-1.5.7-hb78ec9c_7"]
url = "https://conda.anaconda.org/conda-forge/linux-64/zstd-1.5.7-hb78ec9c_7.conda"
checksum = "sha256:47d682b9f6d6ec9eb1a6e6c3e75ea6273e899e78fb7fc59f81d39745009fbc60"

[conda-packages.linux-x64-musl."_openmp_mutex-4.5-20_gnu"]
url = "https://conda.anaconda.org/conda-forge/linux-64/_openmp_mutex-4.5-20_gnu.conda"
checksum = "sha256:1dd3fffd892081df9726d7eb7e0dea6198962ba775bd88842135a4ddb4deb3c9"

[conda-packages.linux-x64-musl."clang-format-23-23.1.1-default_h0acdd01_0"]
url = "https://conda.anaconda.org/conda-forge/linux-64/clang-format-23-23.1.1-default_h0acdd01_0.conda"
checksum = "sha256:0c57982c9b2ecf772a3fb021bbc5d9c21343241e696f11d1134a3178b4a43678"

[conda-packages.linux-x64-musl."libclang-cpp23.1-23.1.1-default_h0acdd01_0"]
url = "https://conda.anaconda.org/conda-forge/linux-64/libclang-cpp23.1-23.1.1-default_h0acdd01_0.conda"
checksum = "sha256:1a393452606eaed3192783a77acffffce6dec101f44bfa9f1c8b00da0e1b828b"

[conda-packages.linux-x64-musl."libgcc-16.2.0-ha9f2e26_4"]
url = "https://conda.anaconda.org/conda-forge/linux-64/libgcc-16.2.0-ha9f2e26_4.conda"
checksum = "sha256:24090e675d34403b4ee1cd4372d8f6c0937da7ecfd66a19a57cac2ed0f4ea793"

[conda-packages.linux-x64-musl."libgomp-16.2.0-he0feb66_4"]
url = "https://conda.anaconda.org/conda-forge/linux-64/libgomp-16.2.0-he0feb66_4.conda"
checksum = "sha256:0fe5cb8e0752241ab55e11656ed1b9726248b522d23b929fe7c95b83eb55b9bb"

[conda-packages.linux-x64-musl."libiconv-1.18-h0cb94f2_3"]
url = "https://conda.anaconda.org/conda-forge/linux-64/libiconv-1.18-h0cb94f2_3.conda"
checksum = "sha256:f943117edb9cd4d9c61cc972eee5a34291dc55ea7a6e9e38da104995841cbcb6"

[conda-packages.linux-x64-musl."libllvm23-23.1.1-h474f4eb_0"]
url = "https://conda.anaconda.org/conda-forge/linux-64/libllvm23-23.1.1-h474f4eb_0.conda"
checksum = "sha256:5c716beeb80cd420c37cb811102a9e76c66072f47ed319de1a931ecdd98c9e6b"

[conda-packages.linux-x64-musl."liblzma-5.8.3-hb03c661_1"]
url = "https://conda.anaconda.org/conda-forge/linux-64/liblzma-5.8.3-hb03c661_1.conda"
checksum = "sha256:9787df8c22a59c9a70d3e5a10db9ad663485e75e9ccc3f09bd092cb7b95e0dab"

[conda-packages.linux-x64-musl."libstdcxx-16.2.0-h934c35e_4"]
url = "https://conda.anaconda.org/conda-forge/linux-64/libstdcxx-16.2.0-h934c35e_4.conda"
checksum = "sha256:40b792b0186c1e8859280a1f6f19a54fc50a11b32724fc7b637009c1a9bd302b"

[conda-packages.linux-x64-musl."libxml2-16-2.15.4-hbdfff7e_0"]
url = "https://conda.anaconda.org/conda-forge/linux-64/libxml2-16-2.15.4-hbdfff7e_0.conda"
checksum = "sha256:b6f96287c408269f5067bb4f7a61693ff5c856152902362964d9807152b9c146"

[conda-packages.linux-x64-musl."libxml2-2.15.4-ha7a5771_0"]
url = "https://conda.anaconda.org/conda-forge/linux-64/libxml2-2.15.4-ha7a5771_0.conda"
checksum = "sha256:db52c038430a508656530fc7b5650ae3e2629875693a6a256cc48dec203f8bfe"

[conda-packages.linux-x64-musl."libzlib-1.3.2-h25fd6f3_3"]
url = "https://conda.anaconda.org/conda-forge/linux-64/libzlib-1.3.2-h25fd6f3_3.conda"
checksum = "sha256:eb8a0db0aa570124f7d2a93d7c7f596e3390df5e047818d873baad32985fc736"

[conda-packages.linux-x64-musl."zstd-1.5.7-hb78ec9c_7"]
url = "https://conda.anaconda.org/conda-forge/linux-64/zstd-1.5.7-hb78ec9c_7.conda"
checksum = "sha256:47d682b9f6d6ec9eb1a6e6c3e75ea6273e899e78fb7fc59f81d39745009fbc60"

[conda-packages.macos-arm64."clang-format-23-23.1.1-default_h79071a4_0"]
url = "https://conda.anaconda.org/conda-forge/osx-arm64/clang-format-23-23.1.1-default_h79071a4_0.conda"
checksum = "sha256:fc8bce793388fd4ac1c2e753c47d0f91c77f93a4cef6e85d96885b6ef7fa33eb"

[conda-packages.macos-arm64."icu-78.3-py310h579977c_2"]
url = "https://conda.anaconda.org/conda-forge/osx-arm64/icu-78.3-py310h579977c_2.conda"
checksum = "sha256:6cdb5dee54c72e56ab189fb3ad33cb28533553d42590e7e831160248f4416a43"

[conda-packages.macos-arm64."libclang-cpp23.1-23.1.1-default_h79071a4_0"]
url = "https://conda.anaconda.org/conda-forge/osx-arm64/libclang-cpp23.1-23.1.1-default_h79071a4_0.conda"
checksum = "sha256:d7415e85fad8c02d773089a4100e2b46d1742f9877c178f2f1e7c89cd943f058"

[conda-packages.macos-arm64."libcxx-23.1.1-h55c6f16_0"]
url = "https://conda.anaconda.org/conda-forge/osx-arm64/libcxx-23.1.1-h55c6f16_0.conda"
checksum = "sha256:3f902803f0fc2643a4f82ff15a06811d974ff5fb6fa8f957720a7ef84e13ad98"

[conda-packages.macos-arm64."libiconv-1.18-he4c29f2_3"]
url = "https://conda.anaconda.org/conda-forge/osx-arm64/libiconv-1.18-he4c29f2_3.conda"
checksum = "sha256:689a14968267f2f97c07112fca5636e7d756036b9aee969911267c20bd3eea1f"

[conda-packages.macos-arm64."libllvm23-23.1.1-h759d1ac_0"]
url = "https://conda.anaconda.org/conda-forge/osx-arm64/libllvm23-23.1.1-h759d1ac_0.conda"
checksum = "sha256:961455da4087a2e524268d388099d907664f169e7eada8b4754c750266f0ce83"

[conda-packages.macos-arm64."liblzma-5.8.3-h8088a28_1"]
url = "https://conda.anaconda.org/conda-forge/osx-arm64/liblzma-5.8.3-h8088a28_1.conda"
checksum = "sha256:23d0630046a3e8b164d8f80f2b74ed2605af2e7050ab9913018056402fae4311"

[conda-packages.macos-arm64."libxml2-16-2.15.4-heb56d2d_0"]
url = "https://conda.anaconda.org/conda-forge/osx-arm64/libxml2-16-2.15.4-heb56d2d_0.conda"
checksum = "sha256:8a26f7c94ab849c1930da36c298f4b82e892382b70ae865cd7274188d9d783e2"

[conda-packages.macos-arm64."libxml2-2.15.4-h550178d_0"]
url = "https://conda.anaconda.org/conda-forge/osx-arm64/libxml2-2.15.4-h550178d_0.conda"
checksum = "sha256:81217fcd4d4abdc69ee63cdb9cdb22e05a20b9ba7a76f596579914a838fe5960"

[conda-packages.macos-arm64."libzlib-1.3.2-h8088a28_3"]
url = "https://conda.anaconda.org/conda-forge/osx-arm64/libzlib-1.3.2-h8088a28_3.conda"
checksum = "sha256:a18fa5d5bac452401459f966cf0d872224e8080c4ff93c77e168d43ab42ef9d7"

[conda-packages.macos-arm64."zstd-1.5.7-hf451053_7"]
url = "https://conda.anaconda.org/conda-forge/osx-arm64/zstd-1.5.7-hf451053_7.conda"
checksum = "sha256:da867f5092eb0cb746d353694f0098031fd9817a4ce7d5743121209ae0f406ca"

[conda-packages.macos-x64."clang-format-23-23.1.1-default_h6e863b9_0"]
url = "https://conda.anaconda.org/conda-forge/osx-64/clang-format-23-23.1.1-default_h6e863b9_0.conda"
checksum = "sha256:4346ec1d1f86935193cd2744d8f3b7a997cbd4cfefb474747f1d34d0e912d8be"

[conda-packages.macos-x64."libclang-cpp23.1-23.1.1-default_h6e863b9_0"]
url = "https://conda.anaconda.org/conda-forge/osx-64/libclang-cpp23.1-23.1.1-default_h6e863b9_0.conda"
checksum = "sha256:3496171d030148f7037a4bf9c2747d437cb9863cbad7af61750adada9bce43bc"

[conda-packages.macos-x64."libcxx-23.1.1-h19cb2f5_0"]
url = "https://conda.anaconda.org/conda-forge/osx-64/libcxx-23.1.1-h19cb2f5_0.conda"
checksum = "sha256:b702c638bb8f0c6f0a5dd6941e77ca2309b73cd4e575d34b4c5b8e4d01996ccc"

[conda-packages.macos-x64."libiconv-1.18-h4ae439b_3"]
url = "https://conda.anaconda.org/conda-forge/osx-64/libiconv-1.18-h4ae439b_3.conda"
checksum = "sha256:2389e03a58ed0f5e8f2469eb4d4ba80d0af378b38854ae5eee65e5b641244082"

[conda-packages.macos-x64."libllvm23-23.1.1-hd11396f_0"]
url = "https://conda.anaconda.org/conda-forge/osx-64/libllvm23-23.1.1-hd11396f_0.conda"
checksum = "sha256:d5a382a60764f6070cb99281805948d1ed4cd217d5f83951ff34c8b83be0aea1"

[conda-packages.macos-x64."liblzma-5.8.3-hbb4bfdb_1"]
url = "https://conda.anaconda.org/conda-forge/osx-64/liblzma-5.8.3-hbb4bfdb_1.conda"
checksum = "sha256:7915dac7c71c208e40e716e2f6d3eff41a8d5584e0e7c2d46f9bf9bd5f9aa739"

[conda-packages.macos-x64."libxml2-16-2.15.4-h341e563_0"]
url = "https://conda.anaconda.org/conda-forge/osx-64/libxml2-16-2.15.4-h341e563_0.conda"
checksum = "sha256:bc284057b85e4a0ecc158598d81c3081fa58e9111969a05d3056ab7a8442c837"

[conda-packages.macos-x64."libxml2-2.15.4-h3668fe6_0"]
url = "https://conda.anaconda.org/conda-forge/osx-64/libxml2-2.15.4-h3668fe6_0.conda"
checksum = "sha256:9cf91223637981568c8fbd5c4dbbc1e6137592e919828554ae436bf259aa91d0"

[conda-packages.macos-x64."libzlib-1.3.2-hbb4bfdb_3"]
url = "https://conda.anaconda.org/conda-forge/osx-64/libzlib-1.3.2-hbb4bfdb_3.conda"
checksum = "sha256:b2dba286dd6632292b12296e761193b5ef9fb0eaeecaa481f5ba9af72c0c18e1"

[conda-packages.macos-x64."zstd-1.5.7-hbc1a06c_7"]
url = "https://conda.anaconda.org/conda-forge/osx-64/zstd-1.5.7-hbc1a06c_7.conda"
checksum = "sha256:5277886d9704a624dc9b79ac985861e1e431bdb39a57c082507ab577a138ec6c"

[conda-packages.windows-x64."icu-78.3-h5112557_2"]
url = "https://conda.anaconda.org/conda-forge/win-64/icu-78.3-h5112557_2.conda"
checksum = "sha256:75c549b55b673e15de8785a8e5dd85bca7eb612eee0ff4dc8d7bdaa15eacbdbb"

[conda-packages.windows-x64."libiconv-1.18-hc1393d2_3"]
url = "https://conda.anaconda.org/conda-forge/win-64/libiconv-1.18-hc1393d2_3.conda"
checksum = "sha256:35e04e3ddac7720fc7c550a1c9f998604299d6a7bd1f3ec9b2825d825061daa2"

[conda-packages.windows-x64."liblzma-5.8.3-hfd05255_1"]
url = "https://conda.anaconda.org/conda-forge/win-64/liblzma-5.8.3-hfd05255_1.conda"
checksum = "sha256:d36c4a1e1f80fd08e18a407e03622ff2f34dfdd022da6488ad19603dea19e6d5"

[conda-packages.windows-x64."libxml2-16-2.15.4-h3cfd58e_0"]
url = "https://conda.anaconda.org/conda-forge/win-64/libxml2-16-2.15.4-h3cfd58e_0.conda"
checksum = "sha256:9fa71cec30425c9cc8eda6af3574af1faf4fefa5e239c9e037b1f778ef3ce8ac"

[conda-packages.windows-x64."libxml2-2.15.4-he095d88_0"]
url = "https://conda.anaconda.org/conda-forge/win-64/libxml2-2.15.4-he095d88_0.conda"
checksum = "sha256:a19bb3821830f6b1281e782844d5dd265f796dfed2e4812b16c9995a8c778c88"

[conda-packages.windows-x64."libzlib-1.3.2-hfd05255_3"]
url = "https://conda.anaconda.org/conda-forge/win-64/libzlib-1.3.2-hfd05255_3.conda"
checksum = "sha256:0629c2cc0404d3bb29d6baa7b4ba62da80797015e86de050db81ea5a07050527"

[conda-packages.windows-x64."llvm-openmp-23.1.1-h49e36cd_0"]
url = "https://conda.anaconda.org/conda-forge/win-64/llvm-openmp-23.1.1-h49e36cd_0.conda"
checksum = "sha256:49b0967e84eae82cc2acaf4400629c7b9c08a491b9c8d3343f3f5f2feee7138d"

[conda-packages.windows-x64."ucrt-10.0.26100.0-h57928b3_0"]
url = "https://conda.anaconda.org/conda-forge/win-64/ucrt-10.0.26100.0-h57928b3_0.conda"
checksum = "sha256:3005729dce6f3d3f5ec91dfc49fc75a0095f9cd23bab49efb899657297ac91a5"

[conda-packages.windows-x64."vc-14.5-ha367084_41"]
url = "https://conda.anaconda.org/conda-forge/win-64/vc-14.5-ha367084_41.conda"
checksum = "sha256:35444c55a92e2f7f7ba26bc70f81e56e52344f7d064c0fd4b40a46a58517b79c"

[conda-packages.windows-x64."vc14_runtime-14.51.36247-habf1de7_41"]
url = "https://conda.anaconda.org/conda-forge/win-64/vc14_runtime-14.51.36247-habf1de7_41.conda"
checksum = "sha256:4e4cb599cdc41bf2109d1464c127b5bcbddf548ce3e322e612afb691338b48f8"

[conda-packages.windows-x64."vcomp14-14.51.36247-habf1de7_41"]
url = "https://conda.anaconda.org/conda-forge/win-64/vcomp14-14.51.36247-habf1de7_41.conda"
checksum = "sha256:731e043390c9457299484d39e427221fc868a9249540a498a5a4f6456c7744d1"

[conda-packages.windows-x64."zstd-1.5.7-h534d264_7"]
url = "https://conda.anaconda.org/conda-forge/win-64/zstd-1.5.7-h534d264_7.conda"
checksum = "sha256:ca7daae4f218a11fab82cc2857f0ea518ec3f46acec60490485347a4c22c6b3e"

[[tools.clang-format]]
version = "23.1.1"
backend = "conda:clang-format"

[tools.clang-format.options]
channel = "conda-forge"

[tools.clang-format."platforms.linux-arm64"]
checksum = "sha256:37842645e07b3849bf33f9bdb1cd8bb33e79929633eca4af07abe7cb27615e9e"
url = "https://conda.anaconda.org/conda-forge/linux-aarch64/clang-format-23.1.1-default_h89e4cda_0.conda"
conda_deps = [
    "clang-format-23-23.1.1-default_h01b09c7_0",
    "libclang-cpp23.1-23.1.1-default_h01b09c7_0",
    "libllvm23-23.1.1-h680871c_0",
    "libzlib-1.3.2-hdc9db2a_3",
    "libxml2-16-2.15.4-h2e5089f_0",
    "libxml2-2.15.4-h92b9305_0",
    "libstdcxx-16.2.0-hef695bb_4",
    "libgcc-16.2.0-h205dda4_4",
    "zstd-1.5.7-h9d15635_7",
    "_openmp_mutex-4.5-20_gnu",
    "libgomp-16.2.0-h8acb6b2_4",
    "icu-78.3-py311h3512406_2",
    "libiconv-1.18-h1ea5142_3",
    "liblzma-5.8.3-he30d5cf_1",
]

[tools.clang-format."platforms.linux-arm64-musl"]
checksum = "sha256:37842645e07b3849bf33f9bdb1cd8bb33e79929633eca4af07abe7cb27615e9e"
url = "https://conda.anaconda.org/conda-forge/linux-aarch64/clang-format-23.1.1-default_h89e4cda_0.conda"
conda_deps = [
    "clang-format-23-23.1.1-default_h01b09c7_0",
    "libclang-cpp23.1-23.1.1-default_h01b09c7_0",
    "libllvm23-23.1.1-h680871c_0",
    "libzlib-1.3.2-hdc9db2a_3",
    "libxml2-16-2.15.4-h2e5089f_0",
    "libxml2-2.15.4-h92b9305_0",
    "libstdcxx-16.2.0-hef695bb_4",
    "libgcc-16.2.0-h205dda4_4",
    "zstd-1.5.7-h9d15635_7",
    "_openmp_mutex-4.5-20_gnu",
    "libgomp-16.2.0-h8acb6b2_4",
    "icu-78.3-py311h3512406_2",
    "libiconv-1.18-h1ea5142_3",
    "liblzma-5.8.3-he30d5cf_1",
]

[tools.clang-format."platforms.linux-x64"]
checksum = "sha256:1daceaad87b9e60bd75d1a49123141b9cdaeaf784031d1c787f77fb9ab8da2ab"
url = "https://conda.anaconda.org/conda-forge/linux-64/clang-format-23.1.1-default_h77a3a2e_0.conda"
conda_deps = [
    "clang-format-23-23.1.1-default_h0acdd01_0",
    "libclang-cpp23.1-23.1.1-default_h0acdd01_0",
    "libllvm23-23.1.1-h474f4eb_0",
    "libxml2-16-2.15.4-hbdfff7e_0",
    "libxml2-2.15.4-ha7a5771_0",
    "libzlib-1.3.2-h25fd6f3_3",
    "libstdcxx-16.2.0-h934c35e_4",
    "libgcc-16.2.0-ha9f2e26_4",
    "zstd-1.5.7-hb78ec9c_7",
    "_openmp_mutex-4.5-20_gnu",
    "libgomp-16.2.0-he0feb66_4",
    "liblzma-5.8.3-hb03c661_1",
    "libiconv-1.18-h0cb94f2_3",
]

[tools.clang-format."platforms.linux-x64-musl"]
checksum = "sha256:1daceaad87b9e60bd75d1a49123141b9cdaeaf784031d1c787f77fb9ab8da2ab"
url = "https://conda.anaconda.org/conda-forge/linux-64/clang-format-23.1.1-default_h77a3a2e_0.conda"
conda_deps = [
    "clang-format-23-23.1.1-default_h0acdd01_0",
    "libclang-cpp23.1-23.1.1-default_h0acdd01_0",
    "libllvm23-23.1.1-h474f4eb_0",
    "libxml2-16-2.15.4-hbdfff7e_0",
    "libxml2-2.15.4-ha7a5771_0",
    "libzlib-1.3.2-h25fd6f3_3",
    "libstdcxx-16.2.0-h934c35e_4",
    "libgcc-16.2.0-ha9f2e26_4",
    "zstd-1.5.7-hb78ec9c_7",
    "_openmp_mutex-4.5-20_gnu",
    "libgomp-16.2.0-he0feb66_4",
    "liblzma-5.8.3-hb03c661_1",
    "libiconv-1.18-h0cb94f2_3",
]

[tools.clang-format."platforms.macos-arm64"]
checksum = "sha256:7106991639abd4555f09540bc0c159e8f6cb9500a8bc7df564bd836314ac4662"
url = "https://conda.anaconda.org/conda-forge/osx-arm64/clang-format-23.1.1-default_h8321859_0.conda"
conda_deps = [
    "libcxx-23.1.1-h55c6f16_0",
    "clang-format-23-23.1.1-default_h79071a4_0",
    "libclang-cpp23.1-23.1.1-default_h79071a4_0",
    "libllvm23-23.1.1-h759d1ac_0",
    "libxml2-16-2.15.4-heb56d2d_0",
    "libxml2-2.15.4-h550178d_0",
    "libzlib-1.3.2-h8088a28_3",
    "zstd-1.5.7-hf451053_7",
    "liblzma-5.8.3-h8088a28_1",
    "icu-78.3-py310h579977c_2",
    "libiconv-1.18-he4c29f2_3",
]

[tools.clang-format."platforms.macos-x64"]
checksum = "sha256:52ff516d013057ecc9069e0267f58f6511c735b61e5812866f89ceb4c83afa50"
url = "https://conda.anaconda.org/conda-forge/osx-64/clang-format-23.1.1-default_h44d9c5b_0.conda"
conda_deps = [
    "libcxx-23.1.1-h19cb2f5_0",
    "clang-format-23-23.1.1-default_h6e863b9_0",
    "libclang-cpp23.1-23.1.1-default_h6e863b9_0",
    "libllvm23-23.1.1-hd11396f_0",
    "libzlib-1.3.2-hbb4bfdb_3",
    "libxml2-16-2.15.4-h341e563_0",
    "libxml2-2.15.4-h3668fe6_0",
    "zstd-1.5.7-hbc1a06c_7",
    "liblzma-5.8.3-hbb4bfdb_1",
    "libiconv-1.18-h4ae439b_3",
]

[tools.clang-format."platforms.windows-x64"]
checksum = "sha256:d1475c991030aeabdaecc83a9bf5d2d263f5d224355d3ff0f6cb584ac6f796d4"
url = "https://conda.anaconda.org/conda-forge/win-64/clang-format-23.1.1-default_hacd6ee9_0.conda"
conda_deps = [
    "llvm-openmp-23.1.1-h49e36cd_0",
    "vc-14.5-ha367084_41",
    "vc14_runtime-14.51.36247-habf1de7_41",
    "vcomp14-14.51.36247-habf1de7_41",
    "ucrt-10.0.26100.0-h57928b3_0",
    "libxml2-16-2.15.4-h3cfd58e_0",
    "libxml2-2.15.4-he095d88_0",
    "libzlib-1.3.2-hfd05255_3",
    "zstd-1.5.7-h534d264_7",
    "icu-78.3-h5112557_2",
    "libiconv-1.18-hc1393d2_3",
    "liblzma-5.8.3-hfd05255_1",
]

[[tools.jq]]
version = "1.8.2"
backend = "aqua:jqlang/jq"

[tools.jq."platforms.linux-arm64"]
checksum = "sha256:8b85c817833814ddca00a144c33705546355afccf0cf39b188f3cdb48b852309"
url = "https://github.com/jqlang/jq/releases/download/jq-1.8.2/jq-linux-arm64"
url_api = "https://api.github.com/repos/jqlang/jq/releases/assets/453012756"
provenance = "github-attestations"

[tools.jq."platforms.linux-arm64-musl"]
checksum = "sha256:8b85c817833814ddca00a144c33705546355afccf0cf39b188f3cdb48b852309"
url = "https://github.com/jqlang/jq/releases/download/jq-1.8.2/jq-linux-arm64"
url_api = "https://api.github.com/repos/jqlang/jq/releases/assets/453012756"
provenance = "github-attestations"

[tools.jq."platforms.linux-x64"]
checksum = "sha256:b1c22172dd303f3be49e935aa56aa48a8b7a46e0bc838b4997d3bb451495870f"
url = "https://github.com/jqlang/jq/releases/download/jq-1.8.2/jq-linux-amd64"
url_api = "https://api.github.com/repos/jqlang/jq/releases/assets/453012752"
provenance = "github-attestations"

[tools.jq."platforms.linux-x64-musl"]
checksum = "sha256:b1c22172dd303f3be49e935aa56aa48a8b7a46e0bc838b4997d3bb451495870f"
url = "https://github.com/jqlang/jq/releases/download/jq-1.8.2/jq-linux-amd64"
url_api = "https://api.github.com/repos/jqlang/jq/releases/assets/453012752"
provenance = "github-attestations"

[tools.jq."platforms.macos-arm64"]
checksum = "sha256:2d75340ba57a4b4b4c8708a21c2dc8e958a48aaa8bba13b27f77f6e4c0eca07e"
url = "https://github.com/jqlang/jq/releases/download/jq-1.8.2/jq-macos-arm64"
url_api = "https://api.github.com/repos/jqlang/jq/releases/assets/453012783"
provenance = "github-attestations"

[tools.jq."platforms.macos-x64"]
checksum = "sha256:e94b266e3c26690550006abe63152b782280f4e14374accdf04cbde844f00bc0"
url = "https://github.com/jqlang/jq/releases/download/jq-1.8.2/jq-macos-amd64"
url_api = "https://api.github.com/repos/jqlang/jq/releases/assets/453012782"
provenance = "github-attestations"

[tools.jq."platforms.windows-x64"]
checksum = "sha256:a6fc67fedaf9128a3309a1e2ebb8b986aeccf70122ee46d2cb4849e423f0c627"
url = "https://github.com/jqlang/jq/releases/download/jq-1.8.2/jq-windows-amd64.exe"
url_api = "https://api.github.com/repos/jqlang/jq/releases/assets/453012788"
provenance = "github-attestations"

[[tools.node]]
version = "26.8.1"
backend = "core:node"

[tools.node."platforms.linux-arm64"]
checksum = "sha256:d5f973ce975e4bd03e6c2038260f7e9201615aa8e1ee293c72f8dcc2a6d9fddb"
url = "https://nodejs.org/dist/v26.8.1/node-v26.8.1-linux-arm64.tar.gz"

[tools.node."platforms.linux-arm64-musl"]
checksum = "sha256:0fe78afdeb4a4d273b14abbd4b946c772885c58994c9d23b1c8ae0a59a2f8a53"
url = "https://unofficial-builds.nodejs.org/download/release/v26.8.1/node-v26.8.1-linux-arm64-musl.tar.gz"

[tools.node."platforms.linux-x64"]
checksum = "sha256:b2b76660fa4ded4e0b2a41ee3c0c651cd52ea8170ead91ebac1e147ac3d55643"
url = "https://nodejs.org/dist/v26.8.1/node-v26.8.1-linux-x64.tar.gz"

[tools.node."platforms.linux-x64-musl"]
checksum = "sha256:13135a6a2106f9d111fa9b48c8801ed119ad43e7e1d00de17d77a9c44899aada"
url = "https://unofficial-builds.nodejs.org/download/release/v26.8.1/node-v26.8.1-linux-x64-musl.tar.gz"

[tools.node."platforms.macos-arm64"]
checksum = "sha256:6e577fd0d9db776db82306629e441a9dace416702622aebdd171c9dfaa41f4d2"
url = "https://nodejs.org/dist/v26.8.1/node-v26.8.1-darwin-arm64.tar.gz"

[tools.node."platforms.macos-x64"]
checksum = "sha256:fe9c6dbf9c8e1b4443803d75e2a20366e420dae650c747dbb116b22975751baf"
url = "https://nodejs.org/dist/v26.8.1/node-v26.8.1-darwin-x64.tar.gz"

[tools.node."platforms.windows-x64"]
checksum = "sha256:57693d8e93d1b04e7b7de46aca53ecd63e97564e73de36a68428d7ff08d83587"
url = "https://nodejs.org/dist/v26.8.1/node-v26.8.1-win-x64.zip"

[[tools.pnpm]]
version = "12.3.4"
backend = "aqua:pnpm/pnpm"

[tools.pnpm."platforms.linux-arm64"]
checksum = "sha256:95e71a2a30bbc0b77511f95cf096779068dcad6ffcbbfdf0cd4dde9de2b2b97c"
url = "https://github.com/pnpm/pnpm/releases/download/v12.3.4/pnpm-linux-arm64.tar.gz"
url_api = "https://api.github.com/repos/pnpm/pnpm/releases/assets/544431953"
provenance = "github-attestations"

[tools.pnpm."platforms.linux-arm64-musl"]
checksum = "sha256:75c0b268cedbf9b57b69dcef576b9b307dd5b7650c1f967ac1b8f8d6afc1ca25"
url = "https://github.com/pnpm/pnpm/releases/download/v12.3.4/pnpm-linux-arm64-musl.tar.gz"
url_api = "https://api.github.com/repos/pnpm/pnpm/releases/assets/544431955"
provenance = "github-attestations"

[tools.pnpm."platforms.linux-x64"]
checksum = "sha256:9705e5704b4679fb503c963a18d1ac4f105e39aafafca8a2ed346facdf820cd0"
url = "https://github.com/pnpm/pnpm/releases/download/v12.3.4/pnpm-linux-x64.tar.gz"
url_api = "https://api.github.com/repos/pnpm/pnpm/releases/assets/544431952"
provenance = "github-attestations"

[tools.pnpm."platforms.linux-x64-musl"]
checksum = "sha256:e4c4f54599627cc0646fbb2ea8103bd6c88634533fbd6c6f5ca0f6fe7d6f5d9c"
url = "https://github.com/pnpm/pnpm/releases/download/v12.3.4/pnpm-linux-x64-musl.tar.gz"
url_api = "https://api.github.com/repos/pnpm/pnpm/releases/assets/544431957"
provenance = "github-attestations"

[tools.pnpm."platforms.macos-arm64"]
checksum = "sha256:9560243d4e92780c4466bac2ee6aac4166c8bb601ad3c63f070cdd701b28f360"
url = "https://github.com/pnpm/pnpm/releases/download/v12.3.4/pnpm-darwin-arm64.tar.gz"
url_api = "https://api.github.com/repos/pnpm/pnpm/releases/assets/544431956"
provenance = "github-attestations"

[tools.pnpm."platforms.windows-x64"]
checksum = "sha256:ada0d8b62adff9884686d473e27d0f57ef2ca4a044d23a7c6782af86b9a8a6cf"
url = "https://github.com/pnpm/pnpm/releases/download/v12.3.4/pnpm-win32-x64.zip"
url_api = "https://api.github.com/repos/pnpm/pnpm/releases/assets/544431954"
provenance = "github-attestations"
