# @generated - this file is auto-generated by `mise lock` https://mise.en.dev/dev-tools/mise-lock.html

[conda-packages.linux-arm64."_openmp_mutex-4.5-20_gnu"]
url = "https://conda.anaconda.org/conda-forge/linux-aarch64/_openmp_mutex-4.5-20_gnu.conda"
checksum = "sha256:a2527b1d81792a0ccd2c05850960df119c2b6d8f5fdec97f2db7d25dc23b1068"

[conda-packages.linux-arm64."clang-format-23-23.1.3-default_h01b09c7_0"]
url = "https://conda.anaconda.org/conda-forge/linux-aarch64/clang-format-23-23.1.3-default_h01b09c7_0.conda"
checksum = "sha256:b960be46ce698485171c3e1f27a51203b562f3863e779be32b82108bc23994f3"

[conda-packages.linux-arm64."libclang-cpp23.1-23.1.3-default_h01b09c7_0"]
url = "https://conda.anaconda.org/conda-forge/linux-aarch64/libclang-cpp23.1-23.1.3-default_h01b09c7_0.conda"
checksum = "sha256:58bcc8b5c9537e1e1f5f0e7c601cf9b18910db3f487eefe3377d315e1bb07f83"

[conda-packages.linux-arm64."libgcc-16.2.0-h205dda4_7"]
url = "https://conda.anaconda.org/conda-forge/linux-aarch64/libgcc-16.2.0-h205dda4_7.conda"
checksum = "sha256:eae7a3449d5a3b5351c5427137c076cc3fc826645c7bfc42dc10772b783826f1"

[conda-packages.linux-arm64."libgomp-16.2.0-h8acb6b2_7"]
url = "https://conda.anaconda.org/conda-forge/linux-aarch64/libgomp-16.2.0-h8acb6b2_7.conda"
checksum = "sha256:4406fd67c5beeb99b9372f9bf07aa3e40ca141e337eceebac3ff64aa72799494"

[conda-packages.linux-arm64."libiconv-1.18-h1ea5142_3"]
url = "https://conda.anaconda.org/conda-forge/linux-aarch64/libiconv-1.18-h1ea5142_3.conda"
checksum = "sha256:d22c666eb887afd2119aac2110e23a0e817e9391bda99293421f7c46dab1564c"

[conda-packages.linux-arm64."libllvm23-23.1.3-h680871c_0"]
url = "https://conda.anaconda.org/conda-forge/linux-aarch64/libllvm23-23.1.3-h680871c_0.conda"
checksum = "sha256:327e9291fbfcfaf80709b0958a2e47f607a472fbc8b3c7ad91741954e0c1daf5"

[conda-packages.linux-arm64."liblzma-5.8.3-he30d5cf_1"]
url = "https://conda.anaconda.org/conda-forge/linux-aarch64/liblzma-5.8.3-he30d5cf_1.conda"
checksum = "sha256:f760669fd1cea27f689f411c0d5488e26ce50e382c9b63e4ad348f959850124a"

[conda-packages.linux-arm64."libstdcxx-16.2.0-hef695bb_7"]
url = "https://conda.anaconda.org/conda-forge/linux-aarch64/libstdcxx-16.2.0-hef695bb_7.conda"
checksum = "sha256:b241a3acfa9cdb1359112864a1241225533c92642de3000d52ae65ef5d3a9786"

[conda-packages.linux-arm64."libxml2-16-2.15.4-h183574b_1"]
url = "https://conda.anaconda.org/conda-forge/linux-aarch64/libxml2-16-2.15.4-h183574b_1.conda"
checksum = "sha256:935a9ee7eedc0e79b0eb3243fa1d1070fa981f37a492dea3f898ecb49e17ae09"

[conda-packages.linux-arm64."libxml2-2.15.4-ha1111c9_1"]
url = "https://conda.anaconda.org/conda-forge/linux-aarch64/libxml2-2.15.4-ha1111c9_1.conda"
checksum = "sha256:4d2fb77baf134ca2c4ba0c4ad760ff59f9c968aecbb7be7bbd530bd175e33953"

[conda-packages.linux-arm64."libzlib-1.3.2-hdc9db2a_3"]
url = "https://conda.anaconda.org/conda-forge/linux-aarch64/libzlib-1.3.2-hdc9db2a_3.conda"
checksum = "sha256:76efa6cc9d7e6f5ee3bbca0939f64054af2bdfb3c3632531f8e633cf6c2ea41e"

[conda-packages.linux-arm64."zstd-1.5.7-h9d15635_7"]
url = "https://conda.anaconda.org/conda-forge/linux-aarch64/zstd-1.5.7-h9d15635_7.conda"
checksum = "sha256:427fd14bcb3b8659796fecc682716617409350fb5a98e5b7b47558a10d1a2fc7"

[conda-packages.linux-arm64-musl."_openmp_mutex-4.5-20_gnu"]
url = "https://conda.anaconda.org/conda-forge/linux-aarch64/_openmp_mutex-4.5-20_gnu.conda"
checksum = "sha256:a2527b1d81792a0ccd2c05850960df119c2b6d8f5fdec97f2db7d25dc23b1068"

[conda-packages.linux-arm64-musl."clang-format-23-23.1.3-default_h01b09c7_0"]
url = "https://conda.anaconda.org/conda-forge/linux-aarch64/clang-format-23-23.1.3-default_h01b09c7_0.conda"
checksum = "sha256:b960be46ce698485171c3e1f27a51203b562f3863e779be32b82108bc23994f3"

[conda-packages.linux-arm64-musl."libclang-cpp23.1-23.1.3-default_h01b09c7_0"]
url = "https://conda.anaconda.org/conda-forge/linux-aarch64/libclang-cpp23.1-23.1.3-default_h01b09c7_0.conda"
checksum = "sha256:58bcc8b5c9537e1e1f5f0e7c601cf9b18910db3f487eefe3377d315e1bb07f83"

[conda-packages.linux-arm64-musl."libgcc-16.2.0-h205dda4_7"]
url = "https://conda.anaconda.org/conda-forge/linux-aarch64/libgcc-16.2.0-h205dda4_7.conda"
checksum = "sha256:eae7a3449d5a3b5351c5427137c076cc3fc826645c7bfc42dc10772b783826f1"

[conda-packages.linux-arm64-musl."libgomp-16.2.0-h8acb6b2_7"]
url = "https://conda.anaconda.org/conda-forge/linux-aarch64/libgomp-16.2.0-h8acb6b2_7.conda"
checksum = "sha256:4406fd67c5beeb99b9372f9bf07aa3e40ca141e337eceebac3ff64aa72799494"

[conda-packages.linux-arm64-musl."libiconv-1.18-h1ea5142_3"]
url = "https://conda.anaconda.org/conda-forge/linux-aarch64/libiconv-1.18-h1ea5142_3.conda"
checksum = "sha256:d22c666eb887afd2119aac2110e23a0e817e9391bda99293421f7c46dab1564c"

[conda-packages.linux-arm64-musl."libllvm23-23.1.3-h680871c_0"]
url = "https://conda.anaconda.org/conda-forge/linux-aarch64/libllvm23-23.1.3-h680871c_0.conda"
checksum = "sha256:327e9291fbfcfaf80709b0958a2e47f607a472fbc8b3c7ad91741954e0c1daf5"

[conda-packages.linux-arm64-musl."liblzma-5.8.3-he30d5cf_1"]
url = "https://conda.anaconda.org/conda-forge/linux-aarch64/liblzma-5.8.3-he30d5cf_1.conda"
checksum = "sha256:f760669fd1cea27f689f411c0d5488e26ce50e382c9b63e4ad348f959850124a"

[conda-packages.linux-arm64-musl."libstdcxx-16.2.0-hef695bb_7"]
url = "https://conda.anaconda.org/conda-forge/linux-aarch64/libstdcxx-16.2.0-hef695bb_7.conda"
checksum = "sha256:b241a3acfa9cdb1359112864a1241225533c92642de3000d52ae65ef5d3a9786"

[conda-packages.linux-arm64-musl."libxml2-16-2.15.4-h183574b_1"]
url = "https://conda.anaconda.org/conda-forge/linux-aarch64/libxml2-16-2.15.4-h183574b_1.conda"
checksum = "sha256:935a9ee7eedc0e79b0eb3243fa1d1070fa981f37a492dea3f898ecb49e17ae09"

[conda-packages.linux-arm64-musl."libxml2-2.15.4-ha1111c9_1"]
url = "https://conda.anaconda.org/conda-forge/linux-aarch64/libxml2-2.15.4-ha1111c9_1.conda"
checksum = "sha256:4d2fb77baf134ca2c4ba0c4ad760ff59f9c968aecbb7be7bbd530bd175e33953"

[conda-packages.linux-arm64-musl."libzlib-1.3.2-hdc9db2a_3"]
url = "https://conda.anaconda.org/conda-forge/linux-aarch64/libzlib-1.3.2-hdc9db2a_3.conda"
checksum = "sha256:76efa6cc9d7e6f5ee3bbca0939f64054af2bdfb3c3632531f8e633cf6c2ea41e"

[conda-packages.linux-arm64-musl."zstd-1.5.7-h9d15635_7"]
url = "https://conda.anaconda.org/conda-forge/linux-aarch64/zstd-1.5.7-h9d15635_7.conda"
checksum = "sha256:427fd14bcb3b8659796fecc682716617409350fb5a98e5b7b47558a10d1a2fc7"

[conda-packages.linux-x64."_openmp_mutex-4.5-20_gnu"]
url = "https://conda.anaconda.org/conda-forge/linux-64/_openmp_mutex-4.5-20_gnu.conda"
checksum = "sha256:1dd3fffd892081df9726d7eb7e0dea6198962ba775bd88842135a4ddb4deb3c9"

[conda-packages.linux-x64."clang-format-23-23.1.3-default_h0acdd01_0"]
url = "https://conda.anaconda.org/conda-forge/linux-64/clang-format-23-23.1.3-default_h0acdd01_0.conda"
checksum = "sha256:db5a50194a3c34dd61ad30577e269d587cf09eb7ebcae599fd30a689035f5e76"

[conda-packages.linux-x64."icu-78.3-py310h44b86e0_2"]
url = "https://conda.anaconda.org/conda-forge/linux-64/icu-78.3-py310h44b86e0_2.conda"
checksum = "sha256:9f07834f0c546ab14d885ce0366285f61f44e326c0edd1fc63b8294e113ae432"

[conda-packages.linux-x64."libclang-cpp23.1-23.1.3-default_h0acdd01_0"]
url = "https://conda.anaconda.org/conda-forge/linux-64/libclang-cpp23.1-23.1.3-default_h0acdd01_0.conda"
checksum = "sha256:52e7383f61e05764ef88cb27c5a6035858030d1710b355485cef5bca4908050a"

[conda-packages.linux-x64."libgcc-16.2.0-ha9f2e26_7"]
url = "https://conda.anaconda.org/conda-forge/linux-64/libgcc-16.2.0-ha9f2e26_7.conda"
checksum = "sha256:e031634c3a928f9594eba868bc46ef5230d6571a364a0c63215b06c4563bfcea"

[conda-packages.linux-x64."libgomp-16.2.0-he0feb66_7"]
url = "https://conda.anaconda.org/conda-forge/linux-64/libgomp-16.2.0-he0feb66_7.conda"
checksum = "sha256:92a0bb350c7be6a4eedcb4e111c60aefd176018e6b1c009a6e025dbe9bbcd758"

[conda-packages.linux-x64."libiconv-1.18-h0cb94f2_3"]
url = "https://conda.anaconda.org/conda-forge/linux-64/libiconv-1.18-h0cb94f2_3.conda"
checksum = "sha256:f943117edb9cd4d9c61cc972eee5a34291dc55ea7a6e9e38da104995841cbcb6"

[conda-packages.linux-x64."libllvm23-23.1.3-h474f4eb_0"]
url = "https://conda.anaconda.org/conda-forge/linux-64/libllvm23-23.1.3-h474f4eb_0.conda"
checksum = "sha256:7ce347e2da1502442d4df406101cfaf429927b7a9410badadd3f147d3cbf2d00"

[conda-packages.linux-x64."liblzma-5.8.3-hb03c661_1"]
url = "https://conda.anaconda.org/conda-forge/linux-64/liblzma-5.8.3-hb03c661_1.conda"
checksum = "sha256:9787df8c22a59c9a70d3e5a10db9ad663485e75e9ccc3f09bd092cb7b95e0dab"

[conda-packages.linux-x64."libstdcxx-16.2.0-h934c35e_7"]
url = "https://conda.anaconda.org/conda-forge/linux-64/libstdcxx-16.2.0-h934c35e_7.conda"
checksum = "sha256:fa7018298629fc429971fffd6ecba3d27a7b02e4e890d6a93ea01ffebe8cb745"

[conda-packages.linux-x64."libxml2-16-2.15.4-hf3af7cc_1"]
url = "https://conda.anaconda.org/conda-forge/linux-64/libxml2-16-2.15.4-hf3af7cc_1.conda"
checksum = "sha256:d1906463070c21f3215cd5de93164f31c44d5bac6ae9b5d8f5adf42b1e304039"

[conda-packages.linux-x64."libxml2-2.15.4-h7df9aa5_1"]
url = "https://conda.anaconda.org/conda-forge/linux-64/libxml2-2.15.4-h7df9aa5_1.conda"
checksum = "sha256:8c32be9e8720bc413d2b4267517459d7d71fad4a5f398a2aa8319b6d7b8a00e6"

[conda-packages.linux-x64."libzlib-1.3.2-h25fd6f3_3"]
url = "https://conda.anaconda.org/conda-forge/linux-64/libzlib-1.3.2-h25fd6f3_3.conda"
checksum = "sha256:eb8a0db0aa570124f7d2a93d7c7f596e3390df5e047818d873baad32985fc736"

[conda-packages.linux-x64."zstd-1.5.7-hb78ec9c_7"]
url = "https://conda.anaconda.org/conda-forge/linux-64/zstd-1.5.7-hb78ec9c_7.conda"
checksum = "sha256:47d682b9f6d6ec9eb1a6e6c3e75ea6273e899e78fb7fc59f81d39745009fbc60"

[conda-packages.linux-x64-musl."_openmp_mutex-4.5-20_gnu"]
url = "https://conda.anaconda.org/conda-forge/linux-64/_openmp_mutex-4.5-20_gnu.conda"
checksum = "sha256:1dd3fffd892081df9726d7eb7e0dea6198962ba775bd88842135a4ddb4deb3c9"

[conda-packages.linux-x64-musl."clang-format-23-23.1.3-default_h0acdd01_0"]
url = "https://conda.anaconda.org/conda-forge/linux-64/clang-format-23-23.1.3-default_h0acdd01_0.conda"
checksum = "sha256:db5a50194a3c34dd61ad30577e269d587cf09eb7ebcae599fd30a689035f5e76"

[conda-packages.linux-x64-musl."icu-78.3-py310h44b86e0_2"]
url = "https://conda.anaconda.org/conda-forge/linux-64/icu-78.3-py310h44b86e0_2.conda"
checksum = "sha256:9f07834f0c546ab14d885ce0366285f61f44e326c0edd1fc63b8294e113ae432"

[conda-packages.linux-x64-musl."libclang-cpp23.1-23.1.3-default_h0acdd01_0"]
url = "https://conda.anaconda.org/conda-forge/linux-64/libclang-cpp23.1-23.1.3-default_h0acdd01_0.conda"
checksum = "sha256:52e7383f61e05764ef88cb27c5a6035858030d1710b355485cef5bca4908050a"

[conda-packages.linux-x64-musl."libgcc-16.2.0-ha9f2e26_7"]
url = "https://conda.anaconda.org/conda-forge/linux-64/libgcc-16.2.0-ha9f2e26_7.conda"
checksum = "sha256:e031634c3a928f9594eba868bc46ef5230d6571a364a0c63215b06c4563bfcea"

[conda-packages.linux-x64-musl."libgomp-16.2.0-he0feb66_7"]
url = "https://conda.anaconda.org/conda-forge/linux-64/libgomp-16.2.0-he0feb66_7.conda"
checksum = "sha256:92a0bb350c7be6a4eedcb4e111c60aefd176018e6b1c009a6e025dbe9bbcd758"

[conda-packages.linux-x64-musl."libiconv-1.18-h0cb94f2_3"]
url = "https://conda.anaconda.org/conda-forge/linux-64/libiconv-1.18-h0cb94f2_3.conda"
checksum = "sha256:f943117edb9cd4d9c61cc972eee5a34291dc55ea7a6e9e38da104995841cbcb6"

[conda-packages.linux-x64-musl."libllvm23-23.1.3-h474f4eb_0"]
url = "https://conda.anaconda.org/conda-forge/linux-64/libllvm23-23.1.3-h474f4eb_0.conda"
checksum = "sha256:7ce347e2da1502442d4df406101cfaf429927b7a9410badadd3f147d3cbf2d00"

[conda-packages.linux-x64-musl."liblzma-5.8.3-hb03c661_1"]
url = "https://conda.anaconda.org/conda-forge/linux-64/liblzma-5.8.3-hb03c661_1.conda"
checksum = "sha256:9787df8c22a59c9a70d3e5a10db9ad663485e75e9ccc3f09bd092cb7b95e0dab"

[conda-packages.linux-x64-musl."libstdcxx-16.2.0-h934c35e_7"]
url = "https://conda.anaconda.org/conda-forge/linux-64/libstdcxx-16.2.0-h934c35e_7.conda"
checksum = "sha256:fa7018298629fc429971fffd6ecba3d27a7b02e4e890d6a93ea01ffebe8cb745"

[conda-packages.linux-x64-musl."libxml2-16-2.15.4-hf3af7cc_1"]
url = "https://conda.anaconda.org/conda-forge/linux-64/libxml2-16-2.15.4-hf3af7cc_1.conda"
checksum = "sha256:d1906463070c21f3215cd5de93164f31c44d5bac6ae9b5d8f5adf42b1e304039"

[conda-packages.linux-x64-musl."libxml2-2.15.4-h7df9aa5_1"]
url = "https://conda.anaconda.org/conda-forge/linux-64/libxml2-2.15.4-h7df9aa5_1.conda"
checksum = "sha256:8c32be9e8720bc413d2b4267517459d7d71fad4a5f398a2aa8319b6d7b8a00e6"

[conda-packages.linux-x64-musl."libzlib-1.3.2-h25fd6f3_3"]
url = "https://conda.anaconda.org/conda-forge/linux-64/libzlib-1.3.2-h25fd6f3_3.conda"
checksum = "sha256:eb8a0db0aa570124f7d2a93d7c7f596e3390df5e047818d873baad32985fc736"

[conda-packages.linux-x64-musl."zstd-1.5.7-hb78ec9c_7"]
url = "https://conda.anaconda.org/conda-forge/linux-64/zstd-1.5.7-hb78ec9c_7.conda"
checksum = "sha256:47d682b9f6d6ec9eb1a6e6c3e75ea6273e899e78fb7fc59f81d39745009fbc60"

[conda-packages.macos-arm64."clang-format-23-23.1.3-default_h79071a4_0"]
url = "https://conda.anaconda.org/conda-forge/osx-arm64/clang-format-23-23.1.3-default_h79071a4_0.conda"
checksum = "sha256:e6e6399074ee9d0518153d607c62c13b1c5cf0d7f4d04277b862c06f6510cf78"

[conda-packages.macos-arm64."icu-78.3-py310h579977c_2"]
url = "https://conda.anaconda.org/conda-forge/osx-arm64/icu-78.3-py310h579977c_2.conda"
checksum = "sha256:6cdb5dee54c72e56ab189fb3ad33cb28533553d42590e7e831160248f4416a43"

[conda-packages.macos-arm64."libclang-cpp23.1-23.1.3-default_h79071a4_0"]
url = "https://conda.anaconda.org/conda-forge/osx-arm64/libclang-cpp23.1-23.1.3-default_h79071a4_0.conda"
checksum = "sha256:df7be9bdb5f4242138d9ca6e3e1809698601ac29814c77911c05c0d6bacc2be1"

[conda-packages.macos-arm64."libcxx-23.1.3-h55c6f16_0"]
url = "https://conda.anaconda.org/conda-forge/osx-arm64/libcxx-23.1.3-h55c6f16_0.conda"
checksum = "sha256:2d9d31172d7919bd276a8d1be338de567dd5afdd181e8d3d3d8c2d8695e09de2"

[conda-packages.macos-arm64."libiconv-1.18-he4c29f2_3"]
url = "https://conda.anaconda.org/conda-forge/osx-arm64/libiconv-1.18-he4c29f2_3.conda"
checksum = "sha256:689a14968267f2f97c07112fca5636e7d756036b9aee969911267c20bd3eea1f"

[conda-packages.macos-arm64."libllvm23-23.1.3-h759d1ac_0"]
url = "https://conda.anaconda.org/conda-forge/osx-arm64/libllvm23-23.1.3-h759d1ac_0.conda"
checksum = "sha256:e1a0f238487d15d018b9e5a75b937164d25fd28b4408e96b1a4af321f4f73181"

[conda-packages.macos-arm64."liblzma-5.8.3-h8088a28_1"]
url = "https://conda.anaconda.org/conda-forge/osx-arm64/liblzma-5.8.3-h8088a28_1.conda"
checksum = "sha256:23d0630046a3e8b164d8f80f2b74ed2605af2e7050ab9913018056402fae4311"

[conda-packages.macos-arm64."libxml2-16-2.15.4-heb56d2d_1"]
url = "https://conda.anaconda.org/conda-forge/osx-arm64/libxml2-16-2.15.4-heb56d2d_1.conda"
checksum = "sha256:1acd4dd49c6f54440dc172ab469d0e2c7c3c02de5b1f21158a233eb585ec3c38"

[conda-packages.macos-arm64."libxml2-2.15.4-h550178d_1"]
url = "https://conda.anaconda.org/conda-forge/osx-arm64/libxml2-2.15.4-h550178d_1.conda"
checksum = "sha256:f333b4c6c823ea317aeb0b817520ae3ba2fb16277923d848f5f2aee2049198e5"

[conda-packages.macos-arm64."libzlib-1.3.2-h8088a28_3"]
url = "https://conda.anaconda.org/conda-forge/osx-arm64/libzlib-1.3.2-h8088a28_3.conda"
checksum = "sha256:a18fa5d5bac452401459f966cf0d872224e8080c4ff93c77e168d43ab42ef9d7"

[conda-packages.macos-arm64."zstd-1.5.7-hf451053_7"]
url = "https://conda.anaconda.org/conda-forge/osx-arm64/zstd-1.5.7-hf451053_7.conda"
checksum = "sha256:da867f5092eb0cb746d353694f0098031fd9817a4ce7d5743121209ae0f406ca"

[conda-packages.macos-x64."clang-format-23-23.1.3-default_h6e863b9_0"]
url = "https://conda.anaconda.org/conda-forge/osx-64/clang-format-23-23.1.3-default_h6e863b9_0.conda"
checksum = "sha256:5d9c37837b16a4bcf6d1f16255d006f4f25e033265a789406cea2670aebc169a"

[conda-packages.macos-x64."icu-78.3-py313hbf1d544_2"]
url = "https://conda.anaconda.org/conda-forge/osx-64/icu-78.3-py313hbf1d544_2.conda"
checksum = "sha256:3abd86f3441f143b6b3203c92ae0d88dd8396a8857940af468f1fab854cdae57"

[conda-packages.macos-x64."libclang-cpp23.1-23.1.3-default_h6e863b9_0"]
url = "https://conda.anaconda.org/conda-forge/osx-64/libclang-cpp23.1-23.1.3-default_h6e863b9_0.conda"
checksum = "sha256:787bc1cdccc12ff71ba24a87b7f10d9e682bd7ac0c78f2b278df153d9b389657"

[conda-packages.macos-x64."libcxx-23.1.3-h19cb2f5_0"]
url = "https://conda.anaconda.org/conda-forge/osx-64/libcxx-23.1.3-h19cb2f5_0.conda"
checksum = "sha256:19ec3adf903c04aac6f31b180d283f0beb6d0393c5c1603f1d57355eb3a8fd66"

[conda-packages.macos-x64."libiconv-1.18-h4ae439b_3"]
url = "https://conda.anaconda.org/conda-forge/osx-64/libiconv-1.18-h4ae439b_3.conda"
checksum = "sha256:2389e03a58ed0f5e8f2469eb4d4ba80d0af378b38854ae5eee65e5b641244082"

[conda-packages.macos-x64."libllvm23-23.1.3-hd11396f_0"]
url = "https://conda.anaconda.org/conda-forge/osx-64/libllvm23-23.1.3-hd11396f_0.conda"
checksum = "sha256:f490ade9e9ecce88a292c6c26d212e7ae758b92982b5cf4275af75acba87a40b"

[conda-packages.macos-x64."liblzma-5.8.3-hbb4bfdb_1"]
url = "https://conda.anaconda.org/conda-forge/osx-64/liblzma-5.8.3-hbb4bfdb_1.conda"
checksum = "sha256:7915dac7c71c208e40e716e2f6d3eff41a8d5584e0e7c2d46f9bf9bd5f9aa739"

[conda-packages.macos-x64."libxml2-16-2.15.4-h8376fb4_1"]
url = "https://conda.anaconda.org/conda-forge/osx-64/libxml2-16-2.15.4-h8376fb4_1.conda"
checksum = "sha256:527dbe5b2bfd4440339358ee276284a19b170603bb06471d806d4b05cc9dc95f"

[conda-packages.macos-x64."libxml2-2.15.4-hb56241c_1"]
url = "https://conda.anaconda.org/conda-forge/osx-64/libxml2-2.15.4-hb56241c_1.conda"
checksum = "sha256:53f41cb4773ad084757efef24dd0268d6f0250c2fc5f1b394a7b9d6aa1cec603"

[conda-packages.macos-x64."libzlib-1.3.2-hbb4bfdb_3"]
url = "https://conda.anaconda.org/conda-forge/osx-64/libzlib-1.3.2-hbb4bfdb_3.conda"
checksum = "sha256:b2dba286dd6632292b12296e761193b5ef9fb0eaeecaa481f5ba9af72c0c18e1"

[conda-packages.macos-x64."zstd-1.5.7-hbc1a06c_7"]
url = "https://conda.anaconda.org/conda-forge/osx-64/zstd-1.5.7-hbc1a06c_7.conda"
checksum = "sha256:5277886d9704a624dc9b79ac985861e1e431bdb39a57c082507ab577a138ec6c"

[conda-packages.windows-x64."icu-78.3-h5112557_2"]
url = "https://conda.anaconda.org/conda-forge/win-64/icu-78.3-h5112557_2.conda"
checksum = "sha256:75c549b55b673e15de8785a8e5dd85bca7eb612eee0ff4dc8d7bdaa15eacbdbb"

[conda-packages.windows-x64."libiconv-1.18-hc1393d2_3"]
url = "https://conda.anaconda.org/conda-forge/win-64/libiconv-1.18-hc1393d2_3.conda"
checksum = "sha256:35e04e3ddac7720fc7c550a1c9f998604299d6a7bd1f3ec9b2825d825061daa2"

[conda-packages.windows-x64."liblzma-5.8.3-hfd05255_1"]
url = "https://conda.anaconda.org/conda-forge/win-64/liblzma-5.8.3-hfd05255_1.conda"
checksum = "sha256:d36c4a1e1f80fd08e18a407e03622ff2f34dfdd022da6488ad19603dea19e6d5"

[conda-packages.windows-x64."libxml2-16-2.15.4-h3cfd58e_1"]
url = "https://conda.anaconda.org/conda-forge/win-64/libxml2-16-2.15.4-h3cfd58e_1.conda"
checksum = "sha256:819c4edd7b7bcfa9461aeccb56c0a7e9fa7c251163333e64222c142499822958"

[conda-packages.windows-x64."libxml2-2.15.4-he095d88_1"]
url = "https://conda.anaconda.org/conda-forge/win-64/libxml2-2.15.4-he095d88_1.conda"
checksum = "sha256:81e8cace5c3cb62c4125882b4a6df33ab48c16349231d8ea5008bbe0ee93c10f"

[conda-packages.windows-x64."libzlib-1.3.2-hfd05255_3"]
url = "https://conda.anaconda.org/conda-forge/win-64/libzlib-1.3.2-hfd05255_3.conda"
checksum = "sha256:0629c2cc0404d3bb29d6baa7b4ba62da80797015e86de050db81ea5a07050527"

[conda-packages.windows-x64."llvm-openmp-23.1.3-h49e36cd_0"]
url = "https://conda.anaconda.org/conda-forge/win-64/llvm-openmp-23.1.3-h49e36cd_0.conda"
checksum = "sha256:77727ace0120c95878d14b27cb1daeeb09445245df4c222a9bf40b6df9bf5a2f"

[conda-packages.windows-x64."ucrt-10.0.26100.0-h57928b3_0"]
url = "https://conda.anaconda.org/conda-forge/win-64/ucrt-10.0.26100.0-h57928b3_0.conda"
checksum = "sha256:3005729dce6f3d3f5ec91dfc49fc75a0095f9cd23bab49efb899657297ac91a5"

[conda-packages.windows-x64."vc-14.5-ha367084_41"]
url = "https://conda.anaconda.org/conda-forge/win-64/vc-14.5-ha367084_41.conda"
checksum = "sha256:35444c55a92e2f7f7ba26bc70f81e56e52344f7d064c0fd4b40a46a58517b79c"

[conda-packages.windows-x64."vc14_runtime-14.51.36247-habf1de7_41"]
url = "https://conda.anaconda.org/conda-forge/win-64/vc14_runtime-14.51.36247-habf1de7_41.conda"
checksum = "sha256:4e4cb599cdc41bf2109d1464c127b5bcbddf548ce3e322e612afb691338b48f8"

[conda-packages.windows-x64."vcomp14-14.51.36247-habf1de7_41"]
url = "https://conda.anaconda.org/conda-forge/win-64/vcomp14-14.51.36247-habf1de7_41.conda"
checksum = "sha256:731e043390c9457299484d39e427221fc868a9249540a498a5a4f6456c7744d1"

[conda-packages.windows-x64."zstd-1.5.7-h534d264_7"]
url = "https://conda.anaconda.org/conda-forge/win-64/zstd-1.5.7-h534d264_7.conda"
checksum = "sha256:ca7daae4f218a11fab82cc2857f0ea518ec3f46acec60490485347a4c22c6b3e"

[[tools.clang-format]]
version = "23.1.3"
backend = "conda:clang-format"

[tools.clang-format.options]
channel = "conda-forge"

[tools.clang-format."platforms.linux-arm64"]
checksum = "sha256:93d39a34dbf638ff9c5234d4c55ddbe859c6d87cf7188d7370f93a63121a0513"
url = "https://conda.anaconda.org/conda-forge/linux-aarch64/clang-format-23.1.3-default_h627fd0d_0.conda"
conda_deps = [
    "clang-format-23-23.1.3-default_h01b09c7_0",
    "libclang-cpp23.1-23.1.3-default_h01b09c7_0",
    "libllvm23-23.1.3-h680871c_0",
    "libzlib-1.3.2-hdc9db2a_3",
    "libstdcxx-16.2.0-hef695bb_7",
    "libgcc-16.2.0-h205dda4_7",
    "libxml2-2.15.4-ha1111c9_1",
    "libxml2-16-2.15.4-h183574b_1",
    "zstd-1.5.7-h9d15635_7",
    "_openmp_mutex-4.5-20_gnu",
    "libgomp-16.2.0-h8acb6b2_7",
    "libiconv-1.18-h1ea5142_3",
    "liblzma-5.8.3-he30d5cf_1",
]

[tools.clang-format."platforms.linux-arm64-musl"]
checksum = "sha256:93d39a34dbf638ff9c5234d4c55ddbe859c6d87cf7188d7370f93a63121a0513"
url = "https://conda.anaconda.org/conda-forge/linux-aarch64/clang-format-23.1.3-default_h627fd0d_0.conda"
conda_deps = [
    "clang-format-23-23.1.3-default_h01b09c7_0",
    "libclang-cpp23.1-23.1.3-default_h01b09c7_0",
    "libllvm23-23.1.3-h680871c_0",
    "libzlib-1.3.2-hdc9db2a_3",
    "libstdcxx-16.2.0-hef695bb_7",
    "libgcc-16.2.0-h205dda4_7",
    "libxml2-2.15.4-ha1111c9_1",
    "libxml2-16-2.15.4-h183574b_1",
    "zstd-1.5.7-h9d15635_7",
    "_openmp_mutex-4.5-20_gnu",
    "libgomp-16.2.0-h8acb6b2_7",
    "libiconv-1.18-h1ea5142_3",
    "liblzma-5.8.3-he30d5cf_1",
]

[tools.clang-format."platforms.linux-x64"]
checksum = "sha256:12f4db83b3ddf57f087d3c66e2ba9dfd5b3628bacab2e82ce0fb1642efeadb78"
url = "https://conda.anaconda.org/conda-forge/linux-64/clang-format-23.1.3-default_haa0ca94_0.conda"
conda_deps = [
    "clang-format-23-23.1.3-default_h0acdd01_0",
    "libclang-cpp23.1-23.1.3-default_h0acdd01_0",
    "libllvm23-23.1.3-h474f4eb_0",
    "libzlib-1.3.2-h25fd6f3_3",
    "libstdcxx-16.2.0-h934c35e_7",
    "libgcc-16.2.0-ha9f2e26_7",
    "zstd-1.5.7-hb78ec9c_7",
    "libxml2-2.15.4-h7df9aa5_1",
    "libxml2-16-2.15.4-hf3af7cc_1",
    "_openmp_mutex-4.5-20_gnu",
    "libgomp-16.2.0-he0feb66_7",
    "liblzma-5.8.3-hb03c661_1",
    "icu-78.3-py310h44b86e0_2",
    "libiconv-1.18-h0cb94f2_3",
]

[tools.clang-format."platforms.linux-x64-musl"]
checksum = "sha256:12f4db83b3ddf57f087d3c66e2ba9dfd5b3628bacab2e82ce0fb1642efeadb78"
url = "https://conda.anaconda.org/conda-forge/linux-64/clang-format-23.1.3-default_haa0ca94_0.conda"
conda_deps = [
    "clang-format-23-23.1.3-default_h0acdd01_0",
    "libclang-cpp23.1-23.1.3-default_h0acdd01_0",
    "libllvm23-23.1.3-h474f4eb_0",
    "libzlib-1.3.2-h25fd6f3_3",
    "libstdcxx-16.2.0-h934c35e_7",
    "libgcc-16.2.0-ha9f2e26_7",
    "zstd-1.5.7-hb78ec9c_7",
    "libxml2-2.15.4-h7df9aa5_1",
    "libxml2-16-2.15.4-hf3af7cc_1",
    "_openmp_mutex-4.5-20_gnu",
    "libgomp-16.2.0-he0feb66_7",
    "liblzma-5.8.3-hb03c661_1",
    "icu-78.3-py310h44b86e0_2",
    "libiconv-1.18-h0cb94f2_3",
]

[tools.clang-format."platforms.macos-arm64"]
checksum = "sha256:36a160ee9080ab41b19863a709089f577269ff9f59e57fffa67a9807a29f4f04"
url = "https://conda.anaconda.org/conda-forge/osx-arm64/clang-format-23.1.3-default_h7d09b3e_0.conda"
conda_deps = [
    "libcxx-23.1.3-h55c6f16_0",
    "clang-format-23-23.1.3-default_h79071a4_0",
    "libclang-cpp23.1-23.1.3-default_h79071a4_0",
    "libllvm23-23.1.3-h759d1ac_0",
    "libzlib-1.3.2-h8088a28_3",
    "zstd-1.5.7-hf451053_7",
    "libxml2-2.15.4-h550178d_1",
    "libxml2-16-2.15.4-heb56d2d_1",
    "liblzma-5.8.3-h8088a28_1",
    "icu-78.3-py310h579977c_2",
    "libiconv-1.18-he4c29f2_3",
]

[tools.clang-format."platforms.macos-x64"]
checksum = "sha256:08bbe1a48ca7c356c01f9534601dbf05f6159d275b98a3fbd58b0c96a46f0552"
url = "https://conda.anaconda.org/conda-forge/osx-64/clang-format-23.1.3-default_h6fb5a13_0.conda"
conda_deps = [
    "libcxx-23.1.3-h19cb2f5_0",
    "clang-format-23-23.1.3-default_h6e863b9_0",
    "libclang-cpp23.1-23.1.3-default_h6e863b9_0",
    "libllvm23-23.1.3-hd11396f_0",
    "libzlib-1.3.2-hbb4bfdb_3",
    "zstd-1.5.7-hbc1a06c_7",
    "libxml2-2.15.4-hb56241c_1",
    "libxml2-16-2.15.4-h8376fb4_1",
    "liblzma-5.8.3-hbb4bfdb_1",
    "icu-78.3-py313hbf1d544_2",
    "libiconv-1.18-h4ae439b_3",
]

[tools.clang-format."platforms.windows-x64"]
checksum = "sha256:56e5bb9da07d7901dfa47fd54bf5810e9442b234af8aef3a6d535451fc939d9c"
url = "https://conda.anaconda.org/conda-forge/win-64/clang-format-23.1.3-default_hacd6ee9_0.conda"
conda_deps = [
    "llvm-openmp-23.1.3-h49e36cd_0",
    "vc-14.5-ha367084_41",
    "vc14_runtime-14.51.36247-habf1de7_41",
    "vcomp14-14.51.36247-habf1de7_41",
    "ucrt-10.0.26100.0-h57928b3_0",
    "libzlib-1.3.2-hfd05255_3",
    "zstd-1.5.7-h534d264_7",
    "libxml2-2.15.4-he095d88_1",
    "libxml2-16-2.15.4-h3cfd58e_1",
    "icu-78.3-h5112557_2",
    "libiconv-1.18-hc1393d2_3",
    "liblzma-5.8.3-hfd05255_1",
]

[[tools.jq]]
version = "1.8.2"
backend = "aqua:jqlang/jq"

[tools.jq."platforms.linux-arm64"]
checksum = "sha256:8b85c817833814ddca00a144c33705546355afccf0cf39b188f3cdb48b852309"
url = "https://github.com/jqlang/jq/releases/download/jq-1.8.2/jq-linux-arm64"
url_api = "https://api.github.com/repos/jqlang/jq/releases/assets/453012756"
provenance = "github-attestations"

[tools.jq."platforms.linux-arm64-musl"]
checksum = "sha256:8b85c817833814ddca00a144c33705546355afccf0cf39b188f3cdb48b852309"
url = "https://github.com/jqlang/jq/releases/download/jq-1.8.2/jq-linux-arm64"
url_api = "https://api.github.com/repos/jqlang/jq/releases/assets/453012756"
provenance = "github-attestations"

[tools.jq."platforms.linux-x64"]
checksum = "sha256:b1c22172dd303f3be49e935aa56aa48a8b7a46e0bc838b4997d3bb451495870f"
url = "https://github.com/jqlang/jq/releases/download/jq-1.8.2/jq-linux-amd64"
url_api = "https://api.github.com/repos/jqlang/jq/releases/assets/453012752"
provenance = "github-attestations"

[tools.jq."platforms.linux-x64-musl"]
checksum = "sha256:b1c22172dd303f3be49e935aa56aa48a8b7a46e0bc838b4997d3bb451495870f"
url = "https://github.com/jqlang/jq/releases/download/jq-1.8.2/jq-linux-amd64"
url_api = "https://api.github.com/repos/jqlang/jq/releases/assets/453012752"
provenance = "github-attestations"

[tools.jq."platforms.macos-arm64"]
checksum = "sha256:2d75340ba57a4b4b4c8708a21c2dc8e958a48aaa8bba13b27f77f6e4c0eca07e"
url = "https://github.com/jqlang/jq/releases/download/jq-1.8.2/jq-macos-arm64"
url_api = "https://api.github.com/repos/jqlang/jq/releases/assets/453012783"
provenance = "github-attestations"

[tools.jq."platforms.macos-x64"]
checksum = "sha256:e94b266e3c26690550006abe63152b782280f4e14374accdf04cbde844f00bc0"
url = "https://github.com/jqlang/jq/releases/download/jq-1.8.2/jq-macos-amd64"
url_api = "https://api.github.com/repos/jqlang/jq/releases/assets/453012782"
provenance = "github-attestations"

[tools.jq."platforms.windows-x64"]
checksum = "sha256:a6fc67fedaf9128a3309a1e2ebb8b986aeccf70122ee46d2cb4849e423f0c627"
url = "https://github.com/jqlang/jq/releases/download/jq-1.8.2/jq-windows-amd64.exe"
url_api = "https://api.github.com/repos/jqlang/jq/releases/assets/453012788"
provenance = "github-attestations"

[[tools.node]]
version = "26.10.0"
backend = "core:node"

[tools.node."platforms.linux-arm64"]
checksum = "sha256:423a41bff8e2a2fa15e702fefe2919ef95823b2378744daccb8439302534b44f"
url = "https://nodejs.org/dist/v26.10.0/node-v26.10.0-linux-arm64.tar.gz"

[tools.node."platforms.linux-arm64-musl"]
checksum = "sha256:d26027bff3197050d2a2b0bfa151b18e8378ed81affa2bf5093804db158979b6"
url = "https://unofficial-builds.nodejs.org/download/release/v26.10.0/node-v26.10.0-linux-arm64-musl.tar.gz"

[tools.node."platforms.linux-x64"]
checksum = "sha256:cb5c9ce9c80d7b8821e3a258543c71b939138cf17c74d5cc44bbe85d6dbc5ad8"
url = "https://nodejs.org/dist/v26.10.0/node-v26.10.0-linux-x64.tar.gz"

[tools.node."platforms.linux-x64-musl"]
checksum = "sha256:e42da94821b9422eb76bf5aaf4de0977e04ba320b8aff6148d895a94b08ee223"
url = "https://unofficial-builds.nodejs.org/download/release/v26.10.0/node-v26.10.0-linux-x64-musl.tar.gz"

[tools.node."platforms.macos-arm64"]
checksum = "sha256:751fdf7439f115d87ee2a8f3f18c065b6151852068e3e666ac60ac2996f75ac9"
url = "https://nodejs.org/dist/v26.10.0/node-v26.10.0-darwin-arm64.tar.gz"

[tools.node."platforms.macos-x64"]
checksum = "sha256:ebbe9ab9b58ad6bb54390d6e2c862c1afa7d4475fb7e8ae8146acde211bf70df"
url = "https://nodejs.org/dist/v26.10.0/node-v26.10.0-darwin-x64.tar.gz"

[tools.node."platforms.windows-x64"]
checksum = "sha256:9fef7eca6743a6b910989cd8e78712376b394fcb9b6e1e9c44a0799a287f90c5"
url = "https://nodejs.org/dist/v26.10.0/node-v26.10.0-win-x64.zip"

[[tools.pnpm]]
version = "12.10.1"
backend = "aqua:pnpm/pnpm"

[tools.pnpm."platforms.linux-arm64"]
checksum = "sha256:18dbb118de1dbef0e4516c17bf847d6ee206fc4deffb2bb488ec8e1d2814e078"
url = "https://github.com/pnpm/pnpm/releases/download/v12.10.1/pnpm-linux-arm64.tar.gz"
url_api = "https://api.github.com/repos/pnpm/pnpm/releases/assets/616153643"
provenance = "github-attestations"

[tools.pnpm."platforms.linux-arm64-musl"]
checksum = "sha256:906259045aaef37a3fe6145fabdc1cc3195da523a788900875bf97be3b40333e"
url = "https://github.com/pnpm/pnpm/releases/download/v12.10.1/pnpm-linux-arm64-musl.tar.gz"
url_api = "https://api.github.com/repos/pnpm/pnpm/releases/assets/616153632"
provenance = "github-attestations"

[tools.pnpm."platforms.linux-x64"]
checksum = "sha256:502a275984a4cd01e5579ac72049a241091cac5118e44becf84951130c3e079e"
url = "https://github.com/pnpm/pnpm/releases/download/v12.10.1/pnpm-linux-x64.tar.gz"
url_api = "https://api.github.com/repos/pnpm/pnpm/releases/assets/616153639"
provenance = "github-attestations"

[tools.pnpm."platforms.linux-x64-musl"]
checksum = "sha256:f2ad050a705ab433e6c1c4fd57d584462896062b048e9d29a90548ad6d91f91b"
url = "https://github.com/pnpm/pnpm/releases/download/v12.10.1/pnpm-linux-x64-musl.tar.gz"
url_api = "https://api.github.com/repos/pnpm/pnpm/releases/assets/616153627"
provenance = "github-attestations"

[tools.pnpm."platforms.macos-arm64"]
checksum = "sha256:a617ae6a55c8b3cd494c611ada88d65cb7c3cf6d7828e91b2f44b4bed1bee217"
url = "https://github.com/pnpm/pnpm/releases/download/v12.10.1/pnpm-darwin-arm64.tar.gz"
url_api = "https://api.github.com/repos/pnpm/pnpm/releases/assets/616153633"
provenance = "github-attestations"

[tools.pnpm."platforms.macos-x64"]
checksum = "sha256:be78adee6612302667836dcde5a344c6ec03c231de34091868e6f272a6484fe6"
url = "https://github.com/pnpm/pnpm/releases/download/v12.10.1/pnpm-darwin-x64.tar.gz"
url_api = "https://api.github.com/repos/pnpm/pnpm/releases/assets/616153641"
provenance = "github-attestations"

[tools.pnpm."platforms.windows-x64"]
checksum = "sha256:299009317554b82905927f8e9782ec5f0afb08eb7b5cc5eb2b15a923cb1a56ef"
url = "https://github.com/pnpm/pnpm/releases/download/v12.10.1/pnpm-win32-x64.zip"
url_api = "https://api.github.com/repos/pnpm/pnpm/releases/assets/616153638"
provenance = "github-attestations"
