# @generated - this file is auto-generated by `mise lock` https://mise.en.dev/dev-tools/mise-lock.html

[[tools.cmake]]
version = "4.4.2"
backend = "aqua:Kitware/CMake"

[tools.cmake."platforms.linux-arm64"]
checksum = "sha256:9ca1aadb4451c5dcbdc67f9b4aff42dab52abbaebd8db9e2900026502dbed671"
url = "https://github.com/Kitware/CMake/releases/download/v4.4.2/cmake-4.4.2-linux-aarch64.tar.gz"
url_api = "https://api.github.com/repos/Kitware/CMake/releases/assets/496776579"

[tools.cmake."platforms.linux-arm64-musl"]
checksum = "sha256:9ca1aadb4451c5dcbdc67f9b4aff42dab52abbaebd8db9e2900026502dbed671"
url = "https://github.com/Kitware/CMake/releases/download/v4.4.2/cmake-4.4.2-linux-aarch64.tar.gz"
url_api = "https://api.github.com/repos/Kitware/CMake/releases/assets/496776579"

[tools.cmake."platforms.linux-x64"]
checksum = "sha256:3ada9a3f5d8a85413579bdd0ea6aa8e8da86efdd6d15c91a1afa517f2021956c"
url = "https://github.com/Kitware/CMake/releases/download/v4.4.2/cmake-4.4.2-linux-x86_64.tar.gz"
url_api = "https://api.github.com/repos/Kitware/CMake/releases/assets/496776689"

[tools.cmake."platforms.linux-x64-musl"]
checksum = "sha256:3ada9a3f5d8a85413579bdd0ea6aa8e8da86efdd6d15c91a1afa517f2021956c"
url = "https://github.com/Kitware/CMake/releases/download/v4.4.2/cmake-4.4.2-linux-x86_64.tar.gz"
url_api = "https://api.github.com/repos/Kitware/CMake/releases/assets/496776689"

[tools.cmake."platforms.macos-arm64"]
checksum = "sha256:800fc86838e913fff969b499886c80baeb4ccfd00f0e39906b34aa334f39ab6c"
url = "https://github.com/Kitware/CMake/releases/download/v4.4.2/cmake-4.4.2-macos-universal.tar.gz"
url_api = "https://api.github.com/repos/Kitware/CMake/releases/assets/496776845"

[tools.cmake."platforms.macos-x64"]
checksum = "sha256:800fc86838e913fff969b499886c80baeb4ccfd00f0e39906b34aa334f39ab6c"
url = "https://github.com/Kitware/CMake/releases/download/v4.4.2/cmake-4.4.2-macos-universal.tar.gz"
url_api = "https://api.github.com/repos/Kitware/CMake/releases/assets/496776845"

[tools.cmake."platforms.windows-x64"]
checksum = "sha256:e8139d85b3813bc38833142ae1940472e9a587e9b5d2718ac1804c60f4e57a64"
url = "https://github.com/Kitware/CMake/releases/download/v4.4.2/cmake-4.4.2-windows-x86_64.zip"
url_api = "https://api.github.com/repos/Kitware/CMake/releases/assets/496777367"

[[tools.java]]
version = "temurin-21.0.12+8.0.LTS"
backend = "core:java"

[tools.java."platforms.linux-arm64"]
checksum = "sha256:eba38e871b02d407897bfe017ea35352dfc1420ef6d2112425b0c67325ca509d"
url = "https://github.com/adoptium/temurin21-binaries/releases/download/jdk-21.0.12%2B8/OpenJDK21U-jdk_aarch64_linux_hotspot_21.0.12_8.tar.gz"

[tools.java."platforms.linux-x64"]
checksum = "sha256:e4446ff06a276155697597cc0f1b15da004ff083f4964a35271ecee567177370"
url = "https://github.com/adoptium/temurin21-binaries/releases/download/jdk-21.0.12%2B8/OpenJDK21U-jdk_x64_linux_hotspot_21.0.12_8.tar.gz"

[[tools.ninja]]
version = "1.13.2"
backend = "aqua:ninja-build/ninja"

[tools.ninja."platforms.linux-arm64"]
checksum = "sha256:fd2cacc8050a7f12a16a2e48f9e06fca5c14fc4c2bee2babb67b58be17a607fc"
url = "https://github.com/ninja-build/ninja/releases/download/v1.13.2/ninja-linux-aarch64.zip"
url_api = "https://api.github.com/repos/ninja-build/ninja/releases/assets/318864579"

[tools.ninja."platforms.linux-arm64-musl"]
checksum = "sha256:fd2cacc8050a7f12a16a2e48f9e06fca5c14fc4c2bee2babb67b58be17a607fc"
url = "https://github.com/ninja-build/ninja/releases/download/v1.13.2/ninja-linux-aarch64.zip"
url_api = "https://api.github.com/repos/ninja-build/ninja/releases/assets/318864579"

[tools.ninja."platforms.linux-x64"]
checksum = "sha256:5749cbc4e668273514150a80e387a957f933c6ed3f5f11e03fb30955e2bbead6"
url = "https://github.com/ninja-build/ninja/releases/download/v1.13.2/ninja-linux.zip"
url_api = "https://api.github.com/repos/ninja-build/ninja/releases/assets/318865358"

[tools.ninja."platforms.linux-x64-musl"]
checksum = "sha256:5749cbc4e668273514150a80e387a957f933c6ed3f5f11e03fb30955e2bbead6"
url = "https://github.com/ninja-build/ninja/releases/download/v1.13.2/ninja-linux.zip"
url_api = "https://api.github.com/repos/ninja-build/ninja/releases/assets/318865358"

[tools.ninja."platforms.macos-arm64"]
checksum = "sha256:c99048673aa765960a99cf10c6ddb9f1fad506099ff0a0e137ad8960a88f321b"
url = "https://github.com/ninja-build/ninja/releases/download/v1.13.2/ninja-mac.zip"
url_api = "https://api.github.com/repos/ninja-build/ninja/releases/assets/318863524"

[tools.ninja."platforms.macos-x64"]
checksum = "sha256:c99048673aa765960a99cf10c6ddb9f1fad506099ff0a0e137ad8960a88f321b"
url = "https://github.com/ninja-build/ninja/releases/download/v1.13.2/ninja-mac.zip"
url_api = "https://api.github.com/repos/ninja-build/ninja/releases/assets/318863524"

[tools.ninja."platforms.windows-x64"]
checksum = "sha256:07fc8261b42b20e71d1720b39068c2e14ffcee6396b76fb7a795fb460b78dc65"
url = "https://github.com/ninja-build/ninja/releases/download/v1.13.2/ninja-win.zip"
url_api = "https://api.github.com/repos/ninja-build/ninja/releases/assets/318863577"

[[tools.node]]
version = "26.8.0"
backend = "core:node"

[tools.node."platforms.linux-arm64"]
checksum = "sha256:c358e4c9bd4cd1a4521fa2ae140c88637a3679fc3e99cd1aa6bca1ec5131f13f"
url = "https://nodejs.org/dist/v26.8.0/node-v26.8.0-linux-arm64.tar.gz"

[tools.node."platforms.linux-arm64-musl"]
checksum = "sha256:ec56d752fe301436a04cef093cb55d467dc7bbc2c1f2ef6aff6f23467d058fea"
url = "https://unofficial-builds.nodejs.org/download/release/v26.8.0/node-v26.8.0-linux-arm64-musl.tar.gz"

[tools.node."platforms.linux-x64"]
checksum = "sha256:32fcdc8e2e2cc54fbcd6c8cc96ca5bd2e70019ac23000cbd6ccc5663de111b33"
url = "https://nodejs.org/dist/v26.8.0/node-v26.8.0-linux-x64.tar.gz"

[tools.node."platforms.linux-x64-musl"]
checksum = "sha256:b796985564be6b033f3a7c49f278e791055f2d6697a5d3df6af95d3dab3e8acd"
url = "https://unofficial-builds.nodejs.org/download/release/v26.8.0/node-v26.8.0-linux-x64-musl.tar.gz"

[tools.node."platforms.macos-arm64"]
checksum = "sha256:d6516f067a433cd979b27dfdb0bad88ce97f47be33b713d04c8361b1502f19c6"
url = "https://nodejs.org/dist/v26.8.0/node-v26.8.0-darwin-arm64.tar.gz"

[tools.node."platforms.macos-x64"]
checksum = "sha256:58e0866e3b4355c1e3140fdc0c1b1b2a55616f4e5a37fda12123e98114a05138"
url = "https://nodejs.org/dist/v26.8.0/node-v26.8.0-darwin-x64.tar.gz"

[tools.node."platforms.windows-x64"]
checksum = "sha256:a27c620080cd4da2bd0458fd7dbe1c40baef67cc28c0f0bf21a229d867af7c00"
url = "https://nodejs.org/dist/v26.8.0/node-v26.8.0-win-x64.zip"
